
Microsoft Visual Studio Solution File, Format Version 12.00
# Visual Studio 15
VisualStudioVersion = 15.0.27703.2047
MinimumVisualStudioVersion = 10.0.40219.1
Project("{FAE04EC0-301F-11D3-BF4B-00C04F79EFBC}") = "Entidades-Tempera", "Entidades-Tempera\Entidades-Tempera.csproj", "{7039BBA3-874E-4C85-9079-69166F136C69}"
EndProject
Project("{FAE04EC0-301F-11D3-BF4B-00C04F79EFBC}") = "test", "test\test.csproj", "{5AF61470-2865-4CDA-BCBA-89F48ABDFCA3}"
EndProject
Global
	GlobalSection(SolutionConfigurationPlatforms) = preSolution
		Debug|Any CPU = Debug|Any CPU
		Release|Any CPU = Release|Any CPU
	EndGlobalSection
	GlobalSection(ProjectConfigurationPlatforms) = postSolution
		{7039BBA3-874E-4C85-9079-69166F136C69}.Debug|Any CPU.ActiveCfg = Debug|Any CPU
		{7039BBA3-874E-4C85-9079-69166F136C69}.Debug|Any CPU.Build.0 = Debug|Any CPU
		{7039BBA3-874E-4C85-9079-69166F136C69}.Release|Any CPU.ActiveCfg = Release|Any CPU
		{7039BBA3-874E-4C85-9079-69166F136C69}.Release|Any CPU.Build.0 = Release|Any CPU
		{5AF61470-2865-4CDA-BCBA-89F48ABDFCA3}.Debug|Any CPU.ActiveCfg = Debug|Any CPU
		{5AF61470-2865-4CDA-BCBA-89F48ABDFCA3}.Debug|Any CPU.Build.0 = Debug|Any CPU
		{5AF61470-2865-4CDA-BCBA-89F48ABDFCA3}.Release|Any CPU.ActiveCfg = Release|Any CPU
		{5AF61470-2865-4CDA-BCBA-89F48ABDFCA3}.Release|Any CPU.Build.0 = Release|Any CPU
	EndGlobalSection
	GlobalSection(SolutionProperties) = preSolution
		HideSolutionNode = FALSE
	EndGlobalSection
	GlobalSection(ExtensibilityGlobals) = postSolution
		SolutionGuid = {07DA37FE-63C7-4FE5-AD1D-5BA033A322F3}
	EndGlobalSection
EndGlobal
