
Microsoft Visual Studio Solution File, Format Version 12.00
# Visual Studio 15
VisualStudioVersion = 15.0.28010.2003
MinimumVisualStudioVersion = 10.0.40219.1
Project("{FAE04EC0-301F-11D3-BF4B-00C04F79EFBC}") = "Ejercicio_00", "Ejercicio_00\Ejercicio_00.csproj", "{74A6CA85-D88B-4139-AC42-F5EE7A9FB599}"
EndProject
Project("{FAE04EC0-301F-11D3-BF4B-00C04F79EFBC}") = "Ejercicio_01", "Ejercicio_01\Ejercicio_01.csproj", "{79009F32-FAF3-4A77-8FB7-6120AB83F757}"
EndProject
Project("{FAE04EC0-301F-11D3-BF4B-00C04F79EFBC}") = "clase01", "clase01\clase01.csproj", "{5ECDDE3A-26CF-47EA-A431-2EFD2E3B645D}"
EndProject
Project("{FAE04EC0-301F-11D3-BF4B-00C04F79EFBC}") = "clase04", "clase04\clase04.csproj", "{232098E1-3B46-4C46-B079-CE75F47AF1B5}"
EndProject
Project("{9A19103F-16F7-4668-BE54-9A1E7A4F7556}") = "Entidades", "Entidades\Entidades.csproj", "{875F4082-C686-47F2-98CF-27B5C2944892}"
EndProject
Project("{FAE04EC0-301F-11D3-BF4B-00C04F79EFBC}") = "EntidadesTest", "EntidadesTest\EntidadesTest.csproj", "{28D33B2D-F8AE-49B3-9C30-56F6CF9983DE}"
EndProject
Project("{FAE04EC0-301F-11D3-BF4B-00C04F79EFBC}") = "clase05", "clase05\clase05.csproj", "{B2CB1AAF-F53A-4363-8B76-B2E93E177F13}"
EndProject
Project("{FAE04EC0-301F-11D3-BF4B-00C04F79EFBC}") = "clase06", "clase06\clase06.csproj", "{270A78DF-0BBE-4BEB-A80C-B05963135542}"
EndProject
Project("{FAE04EC0-301F-11D3-BF4B-00C04F79EFBC}") = "clase07", "clase07\clase07.csproj", "{CC2BB1F4-5FB4-4BA7-B106-6C654EDF8D27}"
EndProject
Project("{9A19103F-16F7-4668-BE54-9A1E7A4F7556}") = "entidadesClase07", "entidadesClase07\entidadesClase07.csproj", "{0A2D26A1-1206-4517-8689-E54B68EFBD16}"
EndProject
Project("{FAE04EC0-301F-11D3-BF4B-00C04F79EFBC}") = "textwfClase08", "textwfClase08\textwfClase08.csproj", "{39CD945B-C262-41C3-B582-D81F6ACC1756}"
EndProject
Project("{FAE04EC0-301F-11D3-BF4B-00C04F79EFBC}") = "excepciones", "excepciones\excepciones.csproj", "{07FC2F10-C94F-473C-9577-DE42EC941E86}"
EndProject
Project("{FAE04EC0-301F-11D3-BF4B-00C04F79EFBC}") = "Entidades Depósito - Autos", "Entidades Depósito - Autos\Entidades Depósito - Autos.csproj", "{01AFF5C1-BFBD-4CBD-B6FB-EACE11403305}"
EndProject
Project("{FAE04EC0-301F-11D3-BF4B-00C04F79EFBC}") = "TestEntidades", "TestEntidades\TestEntidades.csproj", "{98131ACF-AB11-49EF-AC81-35E825182D0F}"
EndProject
Project("{FAE04EC0-301F-11D3-BF4B-00C04F79EFBC}") = "Entidades Interface", "Entidades Interface\Entidades Interface.csproj", "{7EFE832F-B1B4-46E3-A2CF-F90064BBFE85}"
EndProject
Project("{FAE04EC0-301F-11D3-BF4B-00C04F79EFBC}") = "testInterface", "testInterface\testInterface.csproj", "{C779FB92-4A9B-432D-9DBB-4D3F234CCF06}"
EndProject
Global
	GlobalSection(SolutionConfigurationPlatforms) = preSolution
		Debug|Any CPU = Debug|Any CPU
		Release|Any CPU = Release|Any CPU
	EndGlobalSection
	GlobalSection(ProjectConfigurationPlatforms) = postSolution
		{74A6CA85-D88B-4139-AC42-F5EE7A9FB599}.Debug|Any CPU.ActiveCfg = Debug|Any CPU
		{74A6CA85-D88B-4139-AC42-F5EE7A9FB599}.Debug|Any CPU.Build.0 = Debug|Any CPU
		{74A6CA85-D88B-4139-AC42-F5EE7A9FB599}.Release|Any CPU.ActiveCfg = Release|Any CPU
		{74A6CA85-D88B-4139-AC42-F5EE7A9FB599}.Release|Any CPU.Build.0 = Release|Any CPU
		{79009F32-FAF3-4A77-8FB7-6120AB83F757}.Debug|Any CPU.ActiveCfg = Debug|Any CPU
		{79009F32-FAF3-4A77-8FB7-6120AB83F757}.Debug|Any CPU.Build.0 = Debug|Any CPU
		{79009F32-FAF3-4A77-8FB7-6120AB83F757}.Release|Any CPU.ActiveCfg = Release|Any CPU
		{79009F32-FAF3-4A77-8FB7-6120AB83F757}.Release|Any CPU.Build.0 = Release|Any CPU
		{5ECDDE3A-26CF-47EA-A431-2EFD2E3B645D}.Debug|Any CPU.ActiveCfg = Debug|Any CPU
		{5ECDDE3A-26CF-47EA-A431-2EFD2E3B645D}.Debug|Any CPU.Build.0 = Debug|Any CPU
		{5ECDDE3A-26CF-47EA-A431-2EFD2E3B645D}.Release|Any CPU.ActiveCfg = Release|Any CPU
		{5ECDDE3A-26CF-47EA-A431-2EFD2E3B645D}.Release|Any CPU.Build.0 = Release|Any CPU
		{232098E1-3B46-4C46-B079-CE75F47AF1B5}.Debug|Any CPU.ActiveCfg = Debug|Any CPU
		{232098E1-3B46-4C46-B079-CE75F47AF1B5}.Debug|Any CPU.Build.0 = Debug|Any CPU
		{232098E1-3B46-4C46-B079-CE75F47AF1B5}.Release|Any CPU.ActiveCfg = Release|Any CPU
		{232098E1-3B46-4C46-B079-CE75F47AF1B5}.Release|Any CPU.Build.0 = Release|Any CPU
		{875F4082-C686-47F2-98CF-27B5C2944892}.Debug|Any CPU.ActiveCfg = Debug|Any CPU
		{875F4082-C686-47F2-98CF-27B5C2944892}.Debug|Any CPU.Build.0 = Debug|Any CPU
		{875F4082-C686-47F2-98CF-27B5C2944892}.Release|Any CPU.ActiveCfg = Release|Any CPU
		{875F4082-C686-47F2-98CF-27B5C2944892}.Release|Any CPU.Build.0 = Release|Any CPU
		{28D33B2D-F8AE-49B3-9C30-56F6CF9983DE}.Debug|Any CPU.ActiveCfg = Debug|Any CPU
		{28D33B2D-F8AE-49B3-9C30-56F6CF9983DE}.Debug|Any CPU.Build.0 = Debug|Any CPU
		{28D33B2D-F8AE-49B3-9C30-56F6CF9983DE}.Release|Any CPU.ActiveCfg = Release|Any CPU
		{28D33B2D-F8AE-49B3-9C30-56F6CF9983DE}.Release|Any CPU.Build.0 = Release|Any CPU
		{B2CB1AAF-F53A-4363-8B76-B2E93E177F13}.Debug|Any CPU.ActiveCfg = Debug|Any CPU
		{B2CB1AAF-F53A-4363-8B76-B2E93E177F13}.Debug|Any CPU.Build.0 = Debug|Any CPU
		{B2CB1AAF-F53A-4363-8B76-B2E93E177F13}.Release|Any CPU.ActiveCfg = Release|Any CPU
		{B2CB1AAF-F53A-4363-8B76-B2E93E177F13}.Release|Any CPU.Build.0 = Release|Any CPU
		{270A78DF-0BBE-4BEB-A80C-B05963135542}.Debug|Any CPU.ActiveCfg = Debug|Any CPU
		{270A78DF-0BBE-4BEB-A80C-B05963135542}.Debug|Any CPU.Build.0 = Debug|Any CPU
		{270A78DF-0BBE-4BEB-A80C-B05963135542}.Release|Any CPU.ActiveCfg = Release|Any CPU
		{270A78DF-0BBE-4BEB-A80C-B05963135542}.Release|Any CPU.Build.0 = Release|Any CPU
		{CC2BB1F4-5FB4-4BA7-B106-6C654EDF8D27}.Debug|Any CPU.ActiveCfg = Debug|Any CPU
		{CC2BB1F4-5FB4-4BA7-B106-6C654EDF8D27}.Debug|Any CPU.Build.0 = Debug|Any CPU
		{CC2BB1F4-5FB4-4BA7-B106-6C654EDF8D27}.Release|Any CPU.ActiveCfg = Release|Any CPU
		{CC2BB1F4-5FB4-4BA7-B106-6C654EDF8D27}.Release|Any CPU.Build.0 = Release|Any CPU
		{0A2D26A1-1206-4517-8689-E54B68EFBD16}.Debug|Any CPU.ActiveCfg = Debug|Any CPU
		{0A2D26A1-1206-4517-8689-E54B68EFBD16}.Debug|Any CPU.Build.0 = Debug|Any CPU
		{0A2D26A1-1206-4517-8689-E54B68EFBD16}.Release|Any CPU.ActiveCfg = Release|Any CPU
		{0A2D26A1-1206-4517-8689-E54B68EFBD16}.Release|Any CPU.Build.0 = Release|Any CPU
		{39CD945B-C262-41C3-B582-D81F6ACC1756}.Debug|Any CPU.ActiveCfg = Debug|Any CPU
		{39CD945B-C262-41C3-B582-D81F6ACC1756}.Debug|Any CPU.Build.0 = Debug|Any CPU
		{39CD945B-C262-41C3-B582-D81F6ACC1756}.Release|Any CPU.ActiveCfg = Release|Any CPU
		{39CD945B-C262-41C3-B582-D81F6ACC1756}.Release|Any CPU.Build.0 = Release|Any CPU
		{07FC2F10-C94F-473C-9577-DE42EC941E86}.Debug|Any CPU.ActiveCfg = Debug|Any CPU
		{07FC2F10-C94F-473C-9577-DE42EC941E86}.Debug|Any CPU.Build.0 = Debug|Any CPU
		{07FC2F10-C94F-473C-9577-DE42EC941E86}.Release|Any CPU.ActiveCfg = Release|Any CPU
		{07FC2F10-C94F-473C-9577-DE42EC941E86}.Release|Any CPU.Build.0 = Release|Any CPU
		{01AFF5C1-BFBD-4CBD-B6FB-EACE11403305}.Debug|Any CPU.ActiveCfg = Debug|Any CPU
		{01AFF5C1-BFBD-4CBD-B6FB-EACE11403305}.Debug|Any CPU.Build.0 = Debug|Any CPU
		{01AFF5C1-BFBD-4CBD-B6FB-EACE11403305}.Release|Any CPU.ActiveCfg = Release|Any CPU
		{01AFF5C1-BFBD-4CBD-B6FB-EACE11403305}.Release|Any CPU.Build.0 = Release|Any CPU
		{98131ACF-AB11-49EF-AC81-35E825182D0F}.Debug|Any CPU.ActiveCfg = Debug|Any CPU
		{98131ACF-AB11-49EF-AC81-35E825182D0F}.Debug|Any CPU.Build.0 = Debug|Any CPU
		{98131ACF-AB11-49EF-AC81-35E825182D0F}.Release|Any CPU.ActiveCfg = Release|Any CPU
		{98131ACF-AB11-49EF-AC81-35E825182D0F}.Release|Any CPU.Build.0 = Release|Any CPU
		{7EFE832F-B1B4-46E3-A2CF-F90064BBFE85}.Debug|Any CPU.ActiveCfg = Debug|Any CPU
		{7EFE832F-B1B4-46E3-A2CF-F90064BBFE85}.Debug|Any CPU.Build.0 = Debug|Any CPU
		{7EFE832F-B1B4-46E3-A2CF-F90064BBFE85}.Release|Any CPU.ActiveCfg = Release|Any CPU
		{7EFE832F-B1B4-46E3-A2CF-F90064BBFE85}.Release|Any CPU.Build.0 = Release|Any CPU
		{C779FB92-4A9B-432D-9DBB-4D3F234CCF06}.Debug|Any CPU.ActiveCfg = Debug|Any CPU
		{C779FB92-4A9B-432D-9DBB-4D3F234CCF06}.Debug|Any CPU.Build.0 = Debug|Any CPU
		{C779FB92-4A9B-432D-9DBB-4D3F234CCF06}.Release|Any CPU.ActiveCfg = Release|Any CPU
		{C779FB92-4A9B-432D-9DBB-4D3F234CCF06}.Release|Any CPU.Build.0 = Release|Any CPU
	EndGlobalSection
	GlobalSection(SolutionProperties) = preSolution
		HideSolutionNode = FALSE
	EndGlobalSection
	GlobalSection(ExtensibilityGlobals) = postSolution
		SolutionGuid = {EEFCB300-F019-4433-850F-0A525AB8F80A}
	EndGlobalSection
EndGlobal
