
Microsoft Visual Studio Solution File, Format Version 12.00
# Visual Studio 15
VisualStudioVersion = 15.0.27703.2047
MinimumVisualStudioVersion = 10.0.40219.1
Project("{FAE04EC0-301F-11D3-BF4B-00C04F79EFBC}") = "Entidades", "Entidades\Entidades.csproj", "{568DF697-081A-4744-8148-58BA7369E584}"
EndProject
Project("{FAE04EC0-301F-11D3-BF4B-00C04F79EFBC}") = "test", "test\test.csproj", "{F5382BE8-9681-4F52-B036-D3A3A3E90BF3}"
EndProject
Global
	GlobalSection(SolutionConfigurationPlatforms) = preSolution
		Debug|Any CPU = Debug|Any CPU
		Release|Any CPU = Release|Any CPU
	EndGlobalSection
	GlobalSection(ProjectConfigurationPlatforms) = postSolution
		{568DF697-081A-4744-8148-58BA7369E584}.Debug|Any CPU.ActiveCfg = Debug|Any CPU
		{568DF697-081A-4744-8148-58BA7369E584}.Debug|Any CPU.Build.0 = Debug|Any CPU
		{568DF697-081A-4744-8148-58BA7369E584}.Release|Any CPU.ActiveCfg = Release|Any CPU
		{568DF697-081A-4744-8148-58BA7369E584}.Release|Any CPU.Build.0 = Release|Any CPU
		{F5382BE8-9681-4F52-B036-D3A3A3E90BF3}.Debug|Any CPU.ActiveCfg = Debug|Any CPU
		{F5382BE8-9681-4F52-B036-D3A3A3E90BF3}.Debug|Any CPU.Build.0 = Debug|Any CPU
		{F5382BE8-9681-4F52-B036-D3A3A3E90BF3}.Release|Any CPU.ActiveCfg = Release|Any CPU
		{F5382BE8-9681-4F52-B036-D3A3A3E90BF3}.Release|Any CPU.Build.0 = Release|Any CPU
	EndGlobalSection
	GlobalSection(SolutionProperties) = preSolution
		HideSolutionNode = FALSE
	EndGlobalSection
	GlobalSection(ExtensibilityGlobals) = postSolution
		SolutionGuid = {AE49E063-52CD-4171-ADD3-954A5FCE7037}
	EndGlobalSection
EndGlobal
