
Microsoft Visual Studio Solution File, Format Version 12.00
# Visual Studio 15
VisualStudioVersion = 15.0.28010.2003
MinimumVisualStudioVersion = 10.0.40219.1
Project("{FAE04EC0-301F-11D3-BF4B-00C04F79EFBC}") = "MiBaseDeDatos", "MiBaseDeDatos\MiBaseDeDatos.csproj", "{22C619C2-22E4-426E-B9D9-224B831EF215}"
EndProject
Project("{FAE04EC0-301F-11D3-BF4B-00C04F79EFBC}") = "PruebaWF", "PruebaWF\PruebaWF.csproj", "{3E4EEC6A-BB90-477E-847F-4D63536D7A22}"
EndProject
Global
	GlobalSection(SolutionConfigurationPlatforms) = preSolution
		Debug|Any CPU = Debug|Any CPU
		Release|Any CPU = Release|Any CPU
	EndGlobalSection
	GlobalSection(ProjectConfigurationPlatforms) = postSolution
		{22C619C2-22E4-426E-B9D9-224B831EF215}.Debug|Any CPU.ActiveCfg = Debug|Any CPU
		{22C619C2-22E4-426E-B9D9-224B831EF215}.Debug|Any CPU.Build.0 = Debug|Any CPU
		{22C619C2-22E4-426E-B9D9-224B831EF215}.Release|Any CPU.ActiveCfg = Release|Any CPU
		{22C619C2-22E4-426E-B9D9-224B831EF215}.Release|Any CPU.Build.0 = Release|Any CPU
		{3E4EEC6A-BB90-477E-847F-4D63536D7A22}.Debug|Any CPU.ActiveCfg = Debug|Any CPU
		{3E4EEC6A-BB90-477E-847F-4D63536D7A22}.Debug|Any CPU.Build.0 = Debug|Any CPU
		{3E4EEC6A-BB90-477E-847F-4D63536D7A22}.Release|Any CPU.ActiveCfg = Release|Any CPU
		{3E4EEC6A-BB90-477E-847F-4D63536D7A22}.Release|Any CPU.Build.0 = Release|Any CPU
	EndGlobalSection
	GlobalSection(SolutionProperties) = preSolution
		HideSolutionNode = FALSE
	EndGlobalSection
	GlobalSection(ExtensibilityGlobals) = postSolution
		SolutionGuid = {86B04EED-7653-4EC6-83C1-C1D238566A18}
	EndGlobalSection
EndGlobal
