
Microsoft Visual Studio Solution File, Format Version 12.00
# Visual Studio 15
VisualStudioVersion = 15.0.27703.2047
MinimumVisualStudioVersion = 10.0.40219.1
Project("{FAE04EC0-301F-11D3-BF4B-00C04F79EFBC}") = "EJ_19", "4 SOBRECARGA DE OPERADORES\EJ_19\EJ_19.csproj", "{7432786C-B318-47DE-BC14-9405371A7A7B}"
EndProject
Project("{2150E333-8FDC-42A3-9474-1A3956D46DE8}") = "4 SOBRECARGA DE OPERADORES", "4 SOBRECARGA DE OPERADORES", "{4532EC16-9E9A-429B-8984-6848DE901D60}"
EndProject
Project("{FAE04EC0-301F-11D3-BF4B-00C04F79EFBC}") = "EJ_20", "4 SOBRECARGA DE OPERADORES\EJ_20\EJ_20.csproj", "{0C098DF5-2EA7-49DE-9067-E691FC464FE2}"
EndProject
Project("{2150E333-8FDC-42A3-9474-1A3956D46DE8}") = "1 CONCEPTOS BASICOS", "1 CONCEPTOS BASICOS", "{B4F24889-967F-4288-A76B-8B2D7DC0288D}"
EndProject
Project("{FAE04EC0-301F-11D3-BF4B-00C04F79EFBC}") = "EJ_01", "1 CONCEPTOS BASICOS\EJ_01\EJ_01.csproj", "{CD913879-C55C-41F7-B121-9C2A6E1CDE8A}"
EndProject
Project("{FAE04EC0-301F-11D3-BF4B-00C04F79EFBC}") = "EJ_02", "1 CONCEPTOS BASICOS\EJ_02\EJ_02.csproj", "{A5DB4EAA-4419-440B-99EE-22BFAB91A0D5}"
EndProject
Project("{FAE04EC0-301F-11D3-BF4B-00C04F79EFBC}") = "EJ_03", "1 CONCEPTOS BASICOS\EJ_03\EJ_03.csproj", "{8FE4F7B2-C06D-46F0-8CEE-2E2D376A693A}"
EndProject
Project("{FAE04EC0-301F-11D3-BF4B-00C04F79EFBC}") = "EJ_04", "1 CONCEPTOS BASICOS\EJ_04\EJ_04.csproj", "{A01247E9-3FC8-48AB-A30A-09D922E8074B}"
EndProject
Project("{FAE04EC0-301F-11D3-BF4B-00C04F79EFBC}") = "EJ_05", "1 CONCEPTOS BASICOS\EJ_05\EJ_05.csproj", "{31142251-B914-4C31-A78B-34BB704952AF}"
EndProject
Project("{FAE04EC0-301F-11D3-BF4B-00C04F79EFBC}") = "EJ_06", "1 CONCEPTOS BASICOS\EJ_06\EJ_06.csproj", "{B3AB030E-4763-4F62-96E9-7CB2455A16EA}"
EndProject
Project("{FAE04EC0-301F-11D3-BF4B-00C04F79EFBC}") = "EJ_07", "1 CONCEPTOS BASICOS\EJ_07\EJ_07.csproj", "{479DE10B-BBF3-47C8-BB83-2A7A42A45E8D}"
EndProject
Project("{FAE04EC0-301F-11D3-BF4B-00C04F79EFBC}") = "EJ_08", "1 CONCEPTOS BASICOS\EJ_08\EJ_08.csproj", "{B85D6275-CC70-4569-970B-CAC24BCE8C48}"
EndProject
Project("{FAE04EC0-301F-11D3-BF4B-00C04F79EFBC}") = "EJ_09", "1 CONCEPTOS BASICOS\EJ_09\EJ_09.csproj", "{0C5D63C8-183B-46D5-A699-8AA39CB4D2F1}"
EndProject
Project("{FAE04EC0-301F-11D3-BF4B-00C04F79EFBC}") = "EJ_10", "1 CONCEPTOS BASICOS\EJ_10\EJ_10.csproj", "{071CEE33-67EB-411F-94C0-02EBBDBBEB70}"
EndProject
Project("{2150E333-8FDC-42A3-9474-1A3956D46DE8}") = "2 METODOS ESTATICOS (DE CLASE)", "2 METODOS ESTATICOS (DE CLASE)", "{2E449440-948F-45E4-92A9-F906BB2413E3}"
EndProject
Project("{FAE04EC0-301F-11D3-BF4B-00C04F79EFBC}") = "EJ_11", "2 METODOS ESTATICOS (DE CLASE)\EJ_11\EJ_11.csproj", "{AE87C4A0-4FA4-4B4E-96F9-883CEEC8AD75}"
EndProject
Project("{FAE04EC0-301F-11D3-BF4B-00C04F79EFBC}") = "EJ_12", "2 METODOS ESTATICOS (DE CLASE)\EJ_12\EJ_12.csproj", "{195F0F6B-BDF0-4BF0-BBDE-D9FF2B7E649D}"
EndProject
Project("{FAE04EC0-301F-11D3-BF4B-00C04F79EFBC}") = "EJ_13", "2 METODOS ESTATICOS (DE CLASE)\EJ_13\EJ_13.csproj", "{061816E8-F855-41F5-BD1E-975B0D00CA65}"
EndProject
Project("{FAE04EC0-301F-11D3-BF4B-00C04F79EFBC}") = "EJ_14", "2 METODOS ESTATICOS (DE CLASE)\EJ_14\EJ_14.csproj", "{CF26AD6B-8A2F-4B9B-A6AB-E64B059F692D}"
EndProject
Project("{FAE04EC0-301F-11D3-BF4B-00C04F79EFBC}") = "EJ_15", "2 METODOS ESTATICOS (DE CLASE)\EJ_15\EJ_15.csproj", "{B256CB89-350D-47FE-B8A6-2A10AC0419E3}"
EndProject
Project("{2150E333-8FDC-42A3-9474-1A3956D46DE8}") = "3 OBJETOS", "3 OBJETOS", "{F6C53E42-3534-4C74-B34E-7843B4E3EAE7}"
EndProject
Project("{FAE04EC0-301F-11D3-BF4B-00C04F79EFBC}") = "EJ_16", "3 OBJETOS\EJ_16\EJ_16.csproj", "{88156072-4534-4EA0-8AAA-076BFD8DA5F2}"
EndProject
Project("{FAE04EC0-301F-11D3-BF4B-00C04F79EFBC}") = "EJ_17", "3 OBJETOS\EJ_17\EJ_17.csproj", "{DD58A896-10AB-4828-8022-A436F9DED5E1}"
EndProject
Project("{FAE04EC0-301F-11D3-BF4B-00C04F79EFBC}") = "EJ_18", "3 OBJETOS\EJ_18\EJ_18.csproj", "{1C6603CD-FF81-4D43-9E5D-CFA115692D67}"
EndProject
Project("{2150E333-8FDC-42A3-9474-1A3956D46DE8}") = "5 FORM", "5 FORM", "{826E64DA-3A86-430B-82F0-48BA0B7EB300}"
EndProject
Project("{FAE04EC0-301F-11D3-BF4B-00C04F79EFBC}") = "EJ_23", "5 FORM\EJ_23\EJ_23.csproj", "{FD21ADF8-4349-4882-A159-03617FC7485B}"
EndProject
Project("{2150E333-8FDC-42A3-9474-1A3956D46DE8}") = "6 ARRAYS Y COLECCIONES", "6 ARRAYS Y COLECCIONES", "{2BA0886D-AF85-42AE-8AEB-989780B2EA7D}"
EndProject
Project("{FAE04EC0-301F-11D3-BF4B-00C04F79EFBC}") = "EJ_26", "6 ARRAYS Y COLECCIONES\EJ_26\EJ_26.csproj", "{7DB2F933-F9D0-4E94-A4EF-F0002D2F4076}"
EndProject
Project("{FAE04EC0-301F-11D3-BF4B-00C04F79EFBC}") = "EJ_27", "6 ARRAYS Y COLECCIONES\EJ_27\EJ_27.csproj", "{B9C1009E-7B28-4E13-9476-3E783CE3F770}"
EndProject
Project("{FAE04EC0-301F-11D3-BF4B-00C04F79EFBC}") = "EJ_28", "6 ARRAYS Y COLECCIONES\EJ_28\EJ_28.csproj", "{60624D4B-384C-4540-9F88-D7141650374E}"
EndProject
Project("{2150E333-8FDC-42A3-9474-1A3956D46DE8}") = "7 ENCAPSULAMIENTO", "7 ENCAPSULAMIENTO", "{AEFF595A-AEA2-4FD0-8B43-E4E754A51556}"
EndProject
Project("{2150E333-8FDC-42A3-9474-1A3956D46DE8}") = "8 HERENCIA", "8 HERENCIA", "{2175C8E2-FAA0-4924-8434-CBA1381CD96F}"
EndProject
Project("{FAE04EC0-301F-11D3-BF4B-00C04F79EFBC}") = "EJ_31", "7 ENCAPSULAMIENTO\EJ_31\EJ_31.csproj", "{97343953-71D5-44F4-968B-0A5822B0C810}"
EndProject
Project("{2150E333-8FDC-42A3-9474-1A3956D46DE8}") = "9 SOBRECARGA DE MÉTODOS, POLIMORFISMO, ABSTRACT y VIRTUAL", "9 SOBRECARGA DE MÉTODOS, POLIMORFISMO, ABSTRACT y VIRTUAL", "{6F3C18FA-69D0-4353-92BE-22C27EE1B802}"
EndProject
Project("{FAE04EC0-301F-11D3-BF4B-00C04F79EFBC}") = "Central Telefónica", "9 SOBRECARGA DE MÉTODOS\Nueva carpeta\Central Telefónica\Central Telefónica.csproj", "{417D2D37-E6F7-4E7E-89BD-1A02D44DEB61}"
EndProject
Project("{2150E333-8FDC-42A3-9474-1A3956D46DE8}") = "10 EXCEPCIONES", "10 EXCEPCIONES", "{E089302D-CAAF-4348-9BC1-5B11D5C0D813}"
EndProject
Project("{2150E333-8FDC-42A3-9474-1A3956D46DE8}") = "11 TEST UNITARIOS", "11 TEST UNITARIOS", "{FDDCBD2C-1625-4896-9A8F-C1993579A7FA}"
EndProject
Project("{2150E333-8FDC-42A3-9474-1A3956D46DE8}") = "12 GENERICS", "12 GENERICS", "{08461F49-8392-494A-B965-A08FDF7EFC78}"
EndProject
Project("{2150E333-8FDC-42A3-9474-1A3956D46DE8}") = "13 INTERFACES", "13 INTERFACES", "{9C5DCE96-3DFF-4877-8DF7-A4EFE5798D3E}"
EndProject
Project("{2150E333-8FDC-42A3-9474-1A3956D46DE8}") = "14 ARCHIVOS DE TEXTO", "14 ARCHIVOS DE TEXTO", "{E15D9CE5-E862-42A6-8729-B36BE11CC9D3}"
EndProject
Project("{2150E333-8FDC-42A3-9474-1A3956D46DE8}") = "15 SERIALIZACIÓN", "15 SERIALIZACIÓN", "{33881CA5-9159-470E-8CF6-D103A0A2054C}"
EndProject
Project("{2150E333-8FDC-42A3-9474-1A3956D46DE8}") = "16 BASE DE DATOS", "16 BASE DE DATOS", "{748E2C34-5160-4ECB-A561-8AA598FB6643}"
EndProject
Project("{2150E333-8FDC-42A3-9474-1A3956D46DE8}") = "17 THREADS", "17 THREADS", "{EAE7687E-EDB8-42E0-9B6B-E4F20BBF2B73}"
EndProject
Project("{2150E333-8FDC-42A3-9474-1A3956D46DE8}") = "18 EVENTOS", "18 EVENTOS", "{C7410B46-4633-41E5-A157-30CCA4A6A3C0}"
EndProject
Project("{2150E333-8FDC-42A3-9474-1A3956D46DE8}") = "19 MÉTODOS DE EXTENSIÓN", "19 MÉTODOS DE EXTENSIÓN", "{498F4CBA-74EC-4F41-982E-BA6A464C557F}"
EndProject
Project("{FAE04EC0-301F-11D3-BF4B-00C04F79EFBC}") = "CentralitaException-EJ 41", "10 EXCEPCIONES\CentralitaException-EJ 41\CentralitaException-EJ 41.csproj", "{170DAF8B-2B6F-4351-B553-3214AA484BDE}"
EndProject
Project("{FAE04EC0-301F-11D3-BF4B-00C04F79EFBC}") = "EJ_ 44 TestCentralita", "TestCentralita-EJ 44\EJ_ 44 TestCentralita.csproj", "{BC58AFCF-CFAA-4896-9B18-D15F86D67541}"
EndProject
Project("{FAE04EC0-301F-11D3-BF4B-00C04F79EFBC}") = "EJ_42", "10 EXCEPCIONES\EJ_42\EJ_42.csproj", "{102273A1-0787-454B-8E62-8DC2C75EA3B1}"
EndProject
Project("{FAE04EC0-301F-11D3-BF4B-00C04F79EFBC}") = "EJ_45", "11 TEST UNITARIOS\EJ_45\EJ_45.csproj", "{D9342AD7-F719-4308-B780-9FC2AAA091BB}"
EndProject
Project("{FAE04EC0-301F-11D3-BF4B-00C04F79EFBC}") = "EJ_30", "6 ARRAYS Y COLECCIONES\EJ_30\EJ_30.csproj", "{9F2F8D56-0320-474F-9578-07174CFC2C37}"
EndProject
Project("{FAE04EC0-301F-11D3-BF4B-00C04F79EFBC}") = "EJ_47", "12 GENERICS\EJ_47\EJ_47.csproj", "{D92A73C8-7A80-4032-97F4-C5486B3083B4}"
EndProject
Project("{FAE04EC0-301F-11D3-BF4B-00C04F79EFBC}") = "EJ_50", "13 INTERFACES\EJ_50\EJ_50.csproj", "{97A77A0C-0D32-4996-83B7-26399A36DD59}"
EndProject
Project("{FAE04EC0-301F-11D3-BF4B-00C04F79EFBC}") = "EJ_51", "13 INTERFACES\EJ_51\EJ_51.csproj", "{3AEB0D9C-56AE-4316-BBE2-668DA1F615C8}"
EndProject
Project("{FAE04EC0-301F-11D3-BF4B-00C04F79EFBC}") = "EJ_52", "13 INTERFACES\EJ_52\EJ_52.csproj", "{2FA2A074-CE44-458F-8045-1D7683822342}"
EndProject
Project("{FAE04EC0-301F-11D3-BF4B-00C04F79EFBC}") = "IO EJ_54", "14 ARCHIVOS DE TEXTO\EJ_54\IO EJ_54.csproj", "{EE39C46D-1B0A-4101-84A8-BBE86AAB52F0}"
EndProject
Project("{FAE04EC0-301F-11D3-BF4B-00C04F79EFBC}") = "EJ_55", "14 ARCHIVOS DE TEXTO\EJ_55\EJ_55.csproj", "{9CC17AF7-9E7C-455E-8304-9F7F37CD8A94}"
EndProject
Project("{FAE04EC0-301F-11D3-BF4B-00C04F79EFBC}") = "EJ_57", "15 SERIALIZACIÓN\EJ_55\EJ_57.csproj", "{E108BD97-6FBA-4B84-B308-BEAE31122CD0}"
EndProject
Project("{FAE04EC0-301F-11D3-BF4B-00C04F79EFBC}") = "EJ_58", "15 SERIALIZACIÓN\EJ_58\EJ_58.csproj", "{28FE9528-922C-429F-B2A6-B299133601B1}"
EndProject
Global
	GlobalSection(SolutionConfigurationPlatforms) = preSolution
		Debug|Any CPU = Debug|Any CPU
		Release|Any CPU = Release|Any CPU
	EndGlobalSection
	GlobalSection(ProjectConfigurationPlatforms) = postSolution
		{7432786C-B318-47DE-BC14-9405371A7A7B}.Debug|Any CPU.ActiveCfg = Debug|Any CPU
		{7432786C-B318-47DE-BC14-9405371A7A7B}.Debug|Any CPU.Build.0 = Debug|Any CPU
		{7432786C-B318-47DE-BC14-9405371A7A7B}.Release|Any CPU.ActiveCfg = Release|Any CPU
		{7432786C-B318-47DE-BC14-9405371A7A7B}.Release|Any CPU.Build.0 = Release|Any CPU
		{0C098DF5-2EA7-49DE-9067-E691FC464FE2}.Debug|Any CPU.ActiveCfg = Debug|Any CPU
		{0C098DF5-2EA7-49DE-9067-E691FC464FE2}.Debug|Any CPU.Build.0 = Debug|Any CPU
		{0C098DF5-2EA7-49DE-9067-E691FC464FE2}.Release|Any CPU.ActiveCfg = Release|Any CPU
		{0C098DF5-2EA7-49DE-9067-E691FC464FE2}.Release|Any CPU.Build.0 = Release|Any CPU
		{CD913879-C55C-41F7-B121-9C2A6E1CDE8A}.Debug|Any CPU.ActiveCfg = Debug|Any CPU
		{CD913879-C55C-41F7-B121-9C2A6E1CDE8A}.Debug|Any CPU.Build.0 = Debug|Any CPU
		{CD913879-C55C-41F7-B121-9C2A6E1CDE8A}.Release|Any CPU.ActiveCfg = Release|Any CPU
		{CD913879-C55C-41F7-B121-9C2A6E1CDE8A}.Release|Any CPU.Build.0 = Release|Any CPU
		{A5DB4EAA-4419-440B-99EE-22BFAB91A0D5}.Debug|Any CPU.ActiveCfg = Debug|Any CPU
		{A5DB4EAA-4419-440B-99EE-22BFAB91A0D5}.Debug|Any CPU.Build.0 = Debug|Any CPU
		{A5DB4EAA-4419-440B-99EE-22BFAB91A0D5}.Release|Any CPU.ActiveCfg = Release|Any CPU
		{A5DB4EAA-4419-440B-99EE-22BFAB91A0D5}.Release|Any CPU.Build.0 = Release|Any CPU
		{8FE4F7B2-C06D-46F0-8CEE-2E2D376A693A}.Debug|Any CPU.ActiveCfg = Debug|Any CPU
		{8FE4F7B2-C06D-46F0-8CEE-2E2D376A693A}.Debug|Any CPU.Build.0 = Debug|Any CPU
		{8FE4F7B2-C06D-46F0-8CEE-2E2D376A693A}.Release|Any CPU.ActiveCfg = Release|Any CPU
		{8FE4F7B2-C06D-46F0-8CEE-2E2D376A693A}.Release|Any CPU.Build.0 = Release|Any CPU
		{A01247E9-3FC8-48AB-A30A-09D922E8074B}.Debug|Any CPU.ActiveCfg = Debug|Any CPU
		{A01247E9-3FC8-48AB-A30A-09D922E8074B}.Debug|Any CPU.Build.0 = Debug|Any CPU
		{A01247E9-3FC8-48AB-A30A-09D922E8074B}.Release|Any CPU.ActiveCfg = Release|Any CPU
		{A01247E9-3FC8-48AB-A30A-09D922E8074B}.Release|Any CPU.Build.0 = Release|Any CPU
		{31142251-B914-4C31-A78B-34BB704952AF}.Debug|Any CPU.ActiveCfg = Debug|Any CPU
		{31142251-B914-4C31-A78B-34BB704952AF}.Debug|Any CPU.Build.0 = Debug|Any CPU
		{31142251-B914-4C31-A78B-34BB704952AF}.Release|Any CPU.ActiveCfg = Release|Any CPU
		{31142251-B914-4C31-A78B-34BB704952AF}.Release|Any CPU.Build.0 = Release|Any CPU
		{B3AB030E-4763-4F62-96E9-7CB2455A16EA}.Debug|Any CPU.ActiveCfg = Debug|Any CPU
		{B3AB030E-4763-4F62-96E9-7CB2455A16EA}.Debug|Any CPU.Build.0 = Debug|Any CPU
		{B3AB030E-4763-4F62-96E9-7CB2455A16EA}.Release|Any CPU.ActiveCfg = Release|Any CPU
		{B3AB030E-4763-4F62-96E9-7CB2455A16EA}.Release|Any CPU.Build.0 = Release|Any CPU
		{479DE10B-BBF3-47C8-BB83-2A7A42A45E8D}.Debug|Any CPU.ActiveCfg = Debug|Any CPU
		{479DE10B-BBF3-47C8-BB83-2A7A42A45E8D}.Debug|Any CPU.Build.0 = Debug|Any CPU
		{479DE10B-BBF3-47C8-BB83-2A7A42A45E8D}.Release|Any CPU.ActiveCfg = Release|Any CPU
		{479DE10B-BBF3-47C8-BB83-2A7A42A45E8D}.Release|Any CPU.Build.0 = Release|Any CPU
		{B85D6275-CC70-4569-970B-CAC24BCE8C48}.Debug|Any CPU.ActiveCfg = Debug|Any CPU
		{B85D6275-CC70-4569-970B-CAC24BCE8C48}.Debug|Any CPU.Build.0 = Debug|Any CPU
		{B85D6275-CC70-4569-970B-CAC24BCE8C48}.Release|Any CPU.ActiveCfg = Release|Any CPU
		{B85D6275-CC70-4569-970B-CAC24BCE8C48}.Release|Any CPU.Build.0 = Release|Any CPU
		{0C5D63C8-183B-46D5-A699-8AA39CB4D2F1}.Debug|Any CPU.ActiveCfg = Debug|Any CPU
		{0C5D63C8-183B-46D5-A699-8AA39CB4D2F1}.Debug|Any CPU.Build.0 = Debug|Any CPU
		{0C5D63C8-183B-46D5-A699-8AA39CB4D2F1}.Release|Any CPU.ActiveCfg = Release|Any CPU
		{0C5D63C8-183B-46D5-A699-8AA39CB4D2F1}.Release|Any CPU.Build.0 = Release|Any CPU
		{071CEE33-67EB-411F-94C0-02EBBDBBEB70}.Debug|Any CPU.ActiveCfg = Debug|Any CPU
		{071CEE33-67EB-411F-94C0-02EBBDBBEB70}.Debug|Any CPU.Build.0 = Debug|Any CPU
		{071CEE33-67EB-411F-94C0-02EBBDBBEB70}.Release|Any CPU.ActiveCfg = Release|Any CPU
		{071CEE33-67EB-411F-94C0-02EBBDBBEB70}.Release|Any CPU.Build.0 = Release|Any CPU
		{AE87C4A0-4FA4-4B4E-96F9-883CEEC8AD75}.Debug|Any CPU.ActiveCfg = Debug|Any CPU
		{AE87C4A0-4FA4-4B4E-96F9-883CEEC8AD75}.Debug|Any CPU.Build.0 = Debug|Any CPU
		{AE87C4A0-4FA4-4B4E-96F9-883CEEC8AD75}.Release|Any CPU.ActiveCfg = Release|Any CPU
		{AE87C4A0-4FA4-4B4E-96F9-883CEEC8AD75}.Release|Any CPU.Build.0 = Release|Any CPU
		{195F0F6B-BDF0-4BF0-BBDE-D9FF2B7E649D}.Debug|Any CPU.ActiveCfg = Debug|Any CPU
		{195F0F6B-BDF0-4BF0-BBDE-D9FF2B7E649D}.Debug|Any CPU.Build.0 = Debug|Any CPU
		{195F0F6B-BDF0-4BF0-BBDE-D9FF2B7E649D}.Release|Any CPU.ActiveCfg = Release|Any CPU
		{195F0F6B-BDF0-4BF0-BBDE-D9FF2B7E649D}.Release|Any CPU.Build.0 = Release|Any CPU
		{061816E8-F855-41F5-BD1E-975B0D00CA65}.Debug|Any CPU.ActiveCfg = Debug|Any CPU
		{061816E8-F855-41F5-BD1E-975B0D00CA65}.Debug|Any CPU.Build.0 = Debug|Any CPU
		{061816E8-F855-41F5-BD1E-975B0D00CA65}.Release|Any CPU.ActiveCfg = Release|Any CPU
		{061816E8-F855-41F5-BD1E-975B0D00CA65}.Release|Any CPU.Build.0 = Release|Any CPU
		{CF26AD6B-8A2F-4B9B-A6AB-E64B059F692D}.Debug|Any CPU.ActiveCfg = Debug|Any CPU
		{CF26AD6B-8A2F-4B9B-A6AB-E64B059F692D}.Debug|Any CPU.Build.0 = Debug|Any CPU
		{CF26AD6B-8A2F-4B9B-A6AB-E64B059F692D}.Release|Any CPU.ActiveCfg = Release|Any CPU
		{CF26AD6B-8A2F-4B9B-A6AB-E64B059F692D}.Release|Any CPU.Build.0 = Release|Any CPU
		{B256CB89-350D-47FE-B8A6-2A10AC0419E3}.Debug|Any CPU.ActiveCfg = Debug|Any CPU
		{B256CB89-350D-47FE-B8A6-2A10AC0419E3}.Debug|Any CPU.Build.0 = Debug|Any CPU
		{B256CB89-350D-47FE-B8A6-2A10AC0419E3}.Release|Any CPU.ActiveCfg = Release|Any CPU
		{B256CB89-350D-47FE-B8A6-2A10AC0419E3}.Release|Any CPU.Build.0 = Release|Any CPU
		{88156072-4534-4EA0-8AAA-076BFD8DA5F2}.Debug|Any CPU.ActiveCfg = Debug|Any CPU
		{88156072-4534-4EA0-8AAA-076BFD8DA5F2}.Debug|Any CPU.Build.0 = Debug|Any CPU
		{88156072-4534-4EA0-8AAA-076BFD8DA5F2}.Release|Any CPU.ActiveCfg = Release|Any CPU
		{88156072-4534-4EA0-8AAA-076BFD8DA5F2}.Release|Any CPU.Build.0 = Release|Any CPU
		{DD58A896-10AB-4828-8022-A436F9DED5E1}.Debug|Any CPU.ActiveCfg = Debug|Any CPU
		{DD58A896-10AB-4828-8022-A436F9DED5E1}.Debug|Any CPU.Build.0 = Debug|Any CPU
		{DD58A896-10AB-4828-8022-A436F9DED5E1}.Release|Any CPU.ActiveCfg = Release|Any CPU
		{DD58A896-10AB-4828-8022-A436F9DED5E1}.Release|Any CPU.Build.0 = Release|Any CPU
		{1C6603CD-FF81-4D43-9E5D-CFA115692D67}.Debug|Any CPU.ActiveCfg = Debug|Any CPU
		{1C6603CD-FF81-4D43-9E5D-CFA115692D67}.Debug|Any CPU.Build.0 = Debug|Any CPU
		{1C6603CD-FF81-4D43-9E5D-CFA115692D67}.Release|Any CPU.ActiveCfg = Release|Any CPU
		{1C6603CD-FF81-4D43-9E5D-CFA115692D67}.Release|Any CPU.Build.0 = Release|Any CPU
		{FD21ADF8-4349-4882-A159-03617FC7485B}.Debug|Any CPU.ActiveCfg = Debug|Any CPU
		{FD21ADF8-4349-4882-A159-03617FC7485B}.Debug|Any CPU.Build.0 = Debug|Any CPU
		{FD21ADF8-4349-4882-A159-03617FC7485B}.Release|Any CPU.ActiveCfg = Release|Any CPU
		{FD21ADF8-4349-4882-A159-03617FC7485B}.Release|Any CPU.Build.0 = Release|Any CPU
		{7DB2F933-F9D0-4E94-A4EF-F0002D2F4076}.Debug|Any CPU.ActiveCfg = Debug|Any CPU
		{7DB2F933-F9D0-4E94-A4EF-F0002D2F4076}.Debug|Any CPU.Build.0 = Debug|Any CPU
		{7DB2F933-F9D0-4E94-A4EF-F0002D2F4076}.Release|Any CPU.ActiveCfg = Release|Any CPU
		{7DB2F933-F9D0-4E94-A4EF-F0002D2F4076}.Release|Any CPU.Build.0 = Release|Any CPU
		{B9C1009E-7B28-4E13-9476-3E783CE3F770}.Debug|Any CPU.ActiveCfg = Debug|Any CPU
		{B9C1009E-7B28-4E13-9476-3E783CE3F770}.Debug|Any CPU.Build.0 = Debug|Any CPU
		{B9C1009E-7B28-4E13-9476-3E783CE3F770}.Release|Any CPU.ActiveCfg = Release|Any CPU
		{B9C1009E-7B28-4E13-9476-3E783CE3F770}.Release|Any CPU.Build.0 = Release|Any CPU
		{60624D4B-384C-4540-9F88-D7141650374E}.Debug|Any CPU.ActiveCfg = Debug|Any CPU
		{60624D4B-384C-4540-9F88-D7141650374E}.Debug|Any CPU.Build.0 = Debug|Any CPU
		{60624D4B-384C-4540-9F88-D7141650374E}.Release|Any CPU.ActiveCfg = Release|Any CPU
		{60624D4B-384C-4540-9F88-D7141650374E}.Release|Any CPU.Build.0 = Release|Any CPU
		{97343953-71D5-44F4-968B-0A5822B0C810}.Debug|Any CPU.ActiveCfg = Debug|Any CPU
		{97343953-71D5-44F4-968B-0A5822B0C810}.Debug|Any CPU.Build.0 = Debug|Any CPU
		{97343953-71D5-44F4-968B-0A5822B0C810}.Release|Any CPU.ActiveCfg = Release|Any CPU
		{97343953-71D5-44F4-968B-0A5822B0C810}.Release|Any CPU.Build.0 = Release|Any CPU
		{417D2D37-E6F7-4E7E-89BD-1A02D44DEB61}.Debug|Any CPU.ActiveCfg = Debug|Any CPU
		{417D2D37-E6F7-4E7E-89BD-1A02D44DEB61}.Debug|Any CPU.Build.0 = Debug|Any CPU
		{417D2D37-E6F7-4E7E-89BD-1A02D44DEB61}.Release|Any CPU.ActiveCfg = Release|Any CPU
		{417D2D37-E6F7-4E7E-89BD-1A02D44DEB61}.Release|Any CPU.Build.0 = Release|Any CPU
		{170DAF8B-2B6F-4351-B553-3214AA484BDE}.Debug|Any CPU.ActiveCfg = Debug|Any CPU
		{170DAF8B-2B6F-4351-B553-3214AA484BDE}.Debug|Any CPU.Build.0 = Debug|Any CPU
		{170DAF8B-2B6F-4351-B553-3214AA484BDE}.Release|Any CPU.ActiveCfg = Release|Any CPU
		{170DAF8B-2B6F-4351-B553-3214AA484BDE}.Release|Any CPU.Build.0 = Release|Any CPU
		{BC58AFCF-CFAA-4896-9B18-D15F86D67541}.Debug|Any CPU.ActiveCfg = Debug|Any CPU
		{BC58AFCF-CFAA-4896-9B18-D15F86D67541}.Debug|Any CPU.Build.0 = Debug|Any CPU
		{BC58AFCF-CFAA-4896-9B18-D15F86D67541}.Release|Any CPU.ActiveCfg = Release|Any CPU
		{BC58AFCF-CFAA-4896-9B18-D15F86D67541}.Release|Any CPU.Build.0 = Release|Any CPU
		{102273A1-0787-454B-8E62-8DC2C75EA3B1}.Debug|Any CPU.ActiveCfg = Debug|Any CPU
		{102273A1-0787-454B-8E62-8DC2C75EA3B1}.Debug|Any CPU.Build.0 = Debug|Any CPU
		{102273A1-0787-454B-8E62-8DC2C75EA3B1}.Release|Any CPU.ActiveCfg = Release|Any CPU
		{102273A1-0787-454B-8E62-8DC2C75EA3B1}.Release|Any CPU.Build.0 = Release|Any CPU
		{D9342AD7-F719-4308-B780-9FC2AAA091BB}.Debug|Any CPU.ActiveCfg = Debug|Any CPU
		{D9342AD7-F719-4308-B780-9FC2AAA091BB}.Debug|Any CPU.Build.0 = Debug|Any CPU
		{D9342AD7-F719-4308-B780-9FC2AAA091BB}.Release|Any CPU.ActiveCfg = Release|Any CPU
		{D9342AD7-F719-4308-B780-9FC2AAA091BB}.Release|Any CPU.Build.0 = Release|Any CPU
		{9F2F8D56-0320-474F-9578-07174CFC2C37}.Debug|Any CPU.ActiveCfg = Debug|Any CPU
		{9F2F8D56-0320-474F-9578-07174CFC2C37}.Debug|Any CPU.Build.0 = Debug|Any CPU
		{9F2F8D56-0320-474F-9578-07174CFC2C37}.Release|Any CPU.ActiveCfg = Release|Any CPU
		{9F2F8D56-0320-474F-9578-07174CFC2C37}.Release|Any CPU.Build.0 = Release|Any CPU
		{D92A73C8-7A80-4032-97F4-C5486B3083B4}.Debug|Any CPU.ActiveCfg = Debug|Any CPU
		{D92A73C8-7A80-4032-97F4-C5486B3083B4}.Debug|Any CPU.Build.0 = Debug|Any CPU
		{D92A73C8-7A80-4032-97F4-C5486B3083B4}.Release|Any CPU.ActiveCfg = Release|Any CPU
		{D92A73C8-7A80-4032-97F4-C5486B3083B4}.Release|Any CPU.Build.0 = Release|Any CPU
		{97A77A0C-0D32-4996-83B7-26399A36DD59}.Debug|Any CPU.ActiveCfg = Debug|Any CPU
		{97A77A0C-0D32-4996-83B7-26399A36DD59}.Debug|Any CPU.Build.0 = Debug|Any CPU
		{97A77A0C-0D32-4996-83B7-26399A36DD59}.Release|Any CPU.ActiveCfg = Release|Any CPU
		{97A77A0C-0D32-4996-83B7-26399A36DD59}.Release|Any CPU.Build.0 = Release|Any CPU
		{3AEB0D9C-56AE-4316-BBE2-668DA1F615C8}.Debug|Any CPU.ActiveCfg = Debug|Any CPU
		{3AEB0D9C-56AE-4316-BBE2-668DA1F615C8}.Debug|Any CPU.Build.0 = Debug|Any CPU
		{3AEB0D9C-56AE-4316-BBE2-668DA1F615C8}.Release|Any CPU.ActiveCfg = Release|Any CPU
		{3AEB0D9C-56AE-4316-BBE2-668DA1F615C8}.Release|Any CPU.Build.0 = Release|Any CPU
		{2FA2A074-CE44-458F-8045-1D7683822342}.Debug|Any CPU.ActiveCfg = Debug|Any CPU
		{2FA2A074-CE44-458F-8045-1D7683822342}.Debug|Any CPU.Build.0 = Debug|Any CPU
		{2FA2A074-CE44-458F-8045-1D7683822342}.Release|Any CPU.ActiveCfg = Release|Any CPU
		{2FA2A074-CE44-458F-8045-1D7683822342}.Release|Any CPU.Build.0 = Release|Any CPU
		{EE39C46D-1B0A-4101-84A8-BBE86AAB52F0}.Debug|Any CPU.ActiveCfg = Debug|Any CPU
		{EE39C46D-1B0A-4101-84A8-BBE86AAB52F0}.Debug|Any CPU.Build.0 = Debug|Any CPU
		{EE39C46D-1B0A-4101-84A8-BBE86AAB52F0}.Release|Any CPU.ActiveCfg = Release|Any CPU
		{EE39C46D-1B0A-4101-84A8-BBE86AAB52F0}.Release|Any CPU.Build.0 = Release|Any CPU
		{9CC17AF7-9E7C-455E-8304-9F7F37CD8A94}.Debug|Any CPU.ActiveCfg = Debug|Any CPU
		{9CC17AF7-9E7C-455E-8304-9F7F37CD8A94}.Debug|Any CPU.Build.0 = Debug|Any CPU
		{9CC17AF7-9E7C-455E-8304-9F7F37CD8A94}.Release|Any CPU.ActiveCfg = Release|Any CPU
		{9CC17AF7-9E7C-455E-8304-9F7F37CD8A94}.Release|Any CPU.Build.0 = Release|Any CPU
		{E108BD97-6FBA-4B84-B308-BEAE31122CD0}.Debug|Any CPU.ActiveCfg = Debug|Any CPU
		{E108BD97-6FBA-4B84-B308-BEAE31122CD0}.Debug|Any CPU.Build.0 = Debug|Any CPU
		{E108BD97-6FBA-4B84-B308-BEAE31122CD0}.Release|Any CPU.ActiveCfg = Release|Any CPU
		{E108BD97-6FBA-4B84-B308-BEAE31122CD0}.Release|Any CPU.Build.0 = Release|Any CPU
		{28FE9528-922C-429F-B2A6-B299133601B1}.Debug|Any CPU.ActiveCfg = Debug|Any CPU
		{28FE9528-922C-429F-B2A6-B299133601B1}.Debug|Any CPU.Build.0 = Debug|Any CPU
		{28FE9528-922C-429F-B2A6-B299133601B1}.Release|Any CPU.ActiveCfg = Release|Any CPU
		{28FE9528-922C-429F-B2A6-B299133601B1}.Release|Any CPU.Build.0 = Release|Any CPU
	EndGlobalSection
	GlobalSection(SolutionProperties) = preSolution
		HideSolutionNode = FALSE
	EndGlobalSection
	GlobalSection(NestedProjects) = preSolution
		{7432786C-B318-47DE-BC14-9405371A7A7B} = {4532EC16-9E9A-429B-8984-6848DE901D60}
		{0C098DF5-2EA7-49DE-9067-E691FC464FE2} = {4532EC16-9E9A-429B-8984-6848DE901D60}
		{CD913879-C55C-41F7-B121-9C2A6E1CDE8A} = {B4F24889-967F-4288-A76B-8B2D7DC0288D}
		{A5DB4EAA-4419-440B-99EE-22BFAB91A0D5} = {B4F24889-967F-4288-A76B-8B2D7DC0288D}
		{8FE4F7B2-C06D-46F0-8CEE-2E2D376A693A} = {B4F24889-967F-4288-A76B-8B2D7DC0288D}
		{A01247E9-3FC8-48AB-A30A-09D922E8074B} = {B4F24889-967F-4288-A76B-8B2D7DC0288D}
		{31142251-B914-4C31-A78B-34BB704952AF} = {B4F24889-967F-4288-A76B-8B2D7DC0288D}
		{B3AB030E-4763-4F62-96E9-7CB2455A16EA} = {B4F24889-967F-4288-A76B-8B2D7DC0288D}
		{479DE10B-BBF3-47C8-BB83-2A7A42A45E8D} = {B4F24889-967F-4288-A76B-8B2D7DC0288D}
		{B85D6275-CC70-4569-970B-CAC24BCE8C48} = {B4F24889-967F-4288-A76B-8B2D7DC0288D}
		{0C5D63C8-183B-46D5-A699-8AA39CB4D2F1} = {B4F24889-967F-4288-A76B-8B2D7DC0288D}
		{071CEE33-67EB-411F-94C0-02EBBDBBEB70} = {B4F24889-967F-4288-A76B-8B2D7DC0288D}
		{AE87C4A0-4FA4-4B4E-96F9-883CEEC8AD75} = {2E449440-948F-45E4-92A9-F906BB2413E3}
		{195F0F6B-BDF0-4BF0-BBDE-D9FF2B7E649D} = {2E449440-948F-45E4-92A9-F906BB2413E3}
		{061816E8-F855-41F5-BD1E-975B0D00CA65} = {2E449440-948F-45E4-92A9-F906BB2413E3}
		{CF26AD6B-8A2F-4B9B-A6AB-E64B059F692D} = {2E449440-948F-45E4-92A9-F906BB2413E3}
		{B256CB89-350D-47FE-B8A6-2A10AC0419E3} = {2E449440-948F-45E4-92A9-F906BB2413E3}
		{88156072-4534-4EA0-8AAA-076BFD8DA5F2} = {F6C53E42-3534-4C74-B34E-7843B4E3EAE7}
		{DD58A896-10AB-4828-8022-A436F9DED5E1} = {F6C53E42-3534-4C74-B34E-7843B4E3EAE7}
		{1C6603CD-FF81-4D43-9E5D-CFA115692D67} = {F6C53E42-3534-4C74-B34E-7843B4E3EAE7}
		{FD21ADF8-4349-4882-A159-03617FC7485B} = {826E64DA-3A86-430B-82F0-48BA0B7EB300}
		{7DB2F933-F9D0-4E94-A4EF-F0002D2F4076} = {2BA0886D-AF85-42AE-8AEB-989780B2EA7D}
		{B9C1009E-7B28-4E13-9476-3E783CE3F770} = {2BA0886D-AF85-42AE-8AEB-989780B2EA7D}
		{60624D4B-384C-4540-9F88-D7141650374E} = {2BA0886D-AF85-42AE-8AEB-989780B2EA7D}
		{97343953-71D5-44F4-968B-0A5822B0C810} = {AEFF595A-AEA2-4FD0-8B43-E4E754A51556}
		{417D2D37-E6F7-4E7E-89BD-1A02D44DEB61} = {6F3C18FA-69D0-4353-92BE-22C27EE1B802}
		{170DAF8B-2B6F-4351-B553-3214AA484BDE} = {E089302D-CAAF-4348-9BC1-5B11D5C0D813}
		{BC58AFCF-CFAA-4896-9B18-D15F86D67541} = {FDDCBD2C-1625-4896-9A8F-C1993579A7FA}
		{102273A1-0787-454B-8E62-8DC2C75EA3B1} = {E089302D-CAAF-4348-9BC1-5B11D5C0D813}
		{D9342AD7-F719-4308-B780-9FC2AAA091BB} = {FDDCBD2C-1625-4896-9A8F-C1993579A7FA}
		{9F2F8D56-0320-474F-9578-07174CFC2C37} = {2BA0886D-AF85-42AE-8AEB-989780B2EA7D}
		{D92A73C8-7A80-4032-97F4-C5486B3083B4} = {08461F49-8392-494A-B965-A08FDF7EFC78}
		{97A77A0C-0D32-4996-83B7-26399A36DD59} = {9C5DCE96-3DFF-4877-8DF7-A4EFE5798D3E}
		{3AEB0D9C-56AE-4316-BBE2-668DA1F615C8} = {9C5DCE96-3DFF-4877-8DF7-A4EFE5798D3E}
		{2FA2A074-CE44-458F-8045-1D7683822342} = {9C5DCE96-3DFF-4877-8DF7-A4EFE5798D3E}
		{EE39C46D-1B0A-4101-84A8-BBE86AAB52F0} = {E15D9CE5-E862-42A6-8729-B36BE11CC9D3}
		{9CC17AF7-9E7C-455E-8304-9F7F37CD8A94} = {E15D9CE5-E862-42A6-8729-B36BE11CC9D3}
		{E108BD97-6FBA-4B84-B308-BEAE31122CD0} = {33881CA5-9159-470E-8CF6-D103A0A2054C}
		{28FE9528-922C-429F-B2A6-B299133601B1} = {33881CA5-9159-470E-8CF6-D103A0A2054C}
	EndGlobalSection
	GlobalSection(ExtensibilityGlobals) = postSolution
		SolutionGuid = {DE0B2E70-03CA-48D7-850E-F3CEE6DD8034}
	EndGlobalSection
EndGlobal
