
Microsoft Visual Studio Solution File, Format Version 12.00
# Visual Studio 15
VisualStudioVersion = 15.0.27703.2047
MinimumVisualStudioVersion = 10.0.40219.1
Project("{FAE04EC0-301F-11D3-BF4B-00C04F79EFBC}") = "EJ_19", "4 SOBRECARGA DE OPERADORES\EJ_19\EJ_19.csproj", "{7432786C-B318-47DE-BC14-9405371A7A7B}"
EndProject
Project("{2150E333-8FDC-42A3-9474-1A3956D46DE8}") = "4 SOBRECARGA DE OPERADORES", "4 SOBRECARGA DE OPERADORES", "{4532EC16-9E9A-429B-8984-6848DE901D60}"
EndProject
Project("{FAE04EC0-301F-11D3-BF4B-00C04F79EFBC}") = "EJ_20", "4 SOBRECARGA DE OPERADORES\EJ_20\EJ_20.csproj", "{0C098DF5-2EA7-49DE-9067-E691FC464FE2}"
EndProject
Project("{2150E333-8FDC-42A3-9474-1A3956D46DE8}") = "1 CONCEPTOS BASICOS", "1 CONCEPTOS BASICOS", "{B4F24889-967F-4288-A76B-8B2D7DC0288D}"
EndProject
Project("{FAE04EC0-301F-11D3-BF4B-00C04F79EFBC}") = "EJ_01", "1 CONCEPTOS BASICOS\EJ_01\EJ_01.csproj", "{CD913879-C55C-41F7-B121-9C2A6E1CDE8A}"
EndProject
Project("{FAE04EC0-301F-11D3-BF4B-00C04F79EFBC}") = "EJ_02", "1 CONCEPTOS BASICOS\EJ_02\EJ_02.csproj", "{A5DB4EAA-4419-440B-99EE-22BFAB91A0D5}"
EndProject
Project("{FAE04EC0-301F-11D3-BF4B-00C04F79EFBC}") = "EJ_03", "1 CONCEPTOS BASICOS\EJ_03\EJ_03.csproj", "{8FE4F7B2-C06D-46F0-8CEE-2E2D376A693A}"
EndProject
Project("{FAE04EC0-301F-11D3-BF4B-00C04F79EFBC}") = "EJ_04", "1 CONCEPTOS BASICOS\EJ_04\EJ_04.csproj", "{A01247E9-3FC8-48AB-A30A-09D922E8074B}"
EndProject
Project("{FAE04EC0-301F-11D3-BF4B-00C04F79EFBC}") = "EJ_05", "1 CONCEPTOS BASICOS\EJ_05\EJ_05.csproj", "{31142251-B914-4C31-A78B-34BB704952AF}"
EndProject
Project("{FAE04EC0-301F-11D3-BF4B-00C04F79EFBC}") = "EJ_06", "1 CONCEPTOS BASICOS\EJ_06\EJ_06.csproj", "{B3AB030E-4763-4F62-96E9-7CB2455A16EA}"
EndProject
Project("{FAE04EC0-301F-11D3-BF4B-00C04F79EFBC}") = "EJ_07", "1 CONCEPTOS BASICOS\EJ_07\EJ_07.csproj", "{479DE10B-BBF3-47C8-BB83-2A7A42A45E8D}"
EndProject
Project("{FAE04EC0-301F-11D3-BF4B-00C04F79EFBC}") = "EJ_08", "1 CONCEPTOS BASICOS\EJ_08\EJ_08.csproj", "{B85D6275-CC70-4569-970B-CAC24BCE8C48}"
EndProject
Project("{FAE04EC0-301F-11D3-BF4B-00C04F79EFBC}") = "EJ_09", "1 CONCEPTOS BASICOS\EJ_09\EJ_09.csproj", "{0C5D63C8-183B-46D5-A699-8AA39CB4D2F1}"
EndProject
Project("{FAE04EC0-301F-11D3-BF4B-00C04F79EFBC}") = "EJ_10", "1 CONCEPTOS BASICOS\EJ_10\EJ_10.csproj", "{071CEE33-67EB-411F-94C0-02EBBDBBEB70}"
EndProject
Project("{2150E333-8FDC-42A3-9474-1A3956D46DE8}") = "2 METODOS ESTATICOS (DE CLASE)", "2 METODOS ESTATICOS (DE CLASE)", "{2E449440-948F-45E4-92A9-F906BB2413E3}"
EndProject
Project("{FAE04EC0-301F-11D3-BF4B-00C04F79EFBC}") = "EJ_11", "2 METODOS ESTATICOS (DE CLASE)\EJ_11\EJ_11.csproj", "{AE87C4A0-4FA4-4B4E-96F9-883CEEC8AD75}"
EndProject
Project("{FAE04EC0-301F-11D3-BF4B-00C04F79EFBC}") = "EJ_12", "2 METODOS ESTATICOS (DE CLASE)\EJ_12\EJ_12.csproj", "{195F0F6B-BDF0-4BF0-BBDE-D9FF2B7E649D}"
EndProject
Project("{FAE04EC0-301F-11D3-BF4B-00C04F79EFBC}") = "EJ_13", "2 METODOS ESTATICOS (DE CLASE)\EJ_13\EJ_13.csproj", "{061816E8-F855-41F5-BD1E-975B0D00CA65}"
EndProject
Project("{FAE04EC0-301F-11D3-BF4B-00C04F79EFBC}") = "EJ_14", "2 METODOS ESTATICOS (DE CLASE)\EJ_14\EJ_14.csproj", "{CF26AD6B-8A2F-4B9B-A6AB-E64B059F692D}"
EndProject
Project("{FAE04EC0-301F-11D3-BF4B-00C04F79EFBC}") = "EJ_15", "2 METODOS ESTATICOS (DE CLASE)\EJ_15\EJ_15.csproj", "{B256CB89-350D-47FE-B8A6-2A10AC0419E3}"
EndProject
Project("{2150E333-8FDC-42A3-9474-1A3956D46DE8}") = "3 OBJETOS", "3 OBJETOS", "{F6C53E42-3534-4C74-B34E-7843B4E3EAE7}"
EndProject
Project("{FAE04EC0-301F-11D3-BF4B-00C04F79EFBC}") = "EJ_16", "3 OBJETOS\EJ_16\EJ_16.csproj", "{88156072-4534-4EA0-8AAA-076BFD8DA5F2}"
EndProject
Project("{FAE04EC0-301F-11D3-BF4B-00C04F79EFBC}") = "EJ_17", "3 OBJETOS\EJ_17\EJ_17.csproj", "{DD58A896-10AB-4828-8022-A436F9DED5E1}"
EndProject
Project("{FAE04EC0-301F-11D3-BF4B-00C04F79EFBC}") = "EJ_18", "3 OBJETOS\EJ_18\EJ_18.csproj", "{1C6603CD-FF81-4D43-9E5D-CFA115692D67}"
EndProject
Project("{2150E333-8FDC-42A3-9474-1A3956D46DE8}") = "5 FORM", "5 FORM", "{826E64DA-3A86-430B-82F0-48BA0B7EB300}"
EndProject
Project("{FAE04EC0-301F-11D3-BF4B-00C04F79EFBC}") = "EJ_23", "5 FORM\EJ_23\EJ_23.csproj", "{FD21ADF8-4349-4882-A159-03617FC7485B}"
EndProject
Project("{2150E333-8FDC-42A3-9474-1A3956D46DE8}") = "6 ARRAYS Y COLECCIONES", "6 ARRAYS Y COLECCIONES", "{2BA0886D-AF85-42AE-8AEB-989780B2EA7D}"
EndProject
Project("{FAE04EC0-301F-11D3-BF4B-00C04F79EFBC}") = "EJ_26", "6 ARRAYS Y COLECCIONES\EJ_26\EJ_26.csproj", "{7DB2F933-F9D0-4E94-A4EF-F0002D2F4076}"
EndProject
Project("{FAE04EC0-301F-11D3-BF4B-00C04F79EFBC}") = "EJ_27", "6 ARRAYS Y COLECCIONES\EJ_27\EJ_27.csproj", "{B9C1009E-7B28-4E13-9476-3E783CE3F770}"
EndProject
Project("{FAE04EC0-301F-11D3-BF4B-00C04F79EFBC}") = "EJ_28", "6 ARRAYS Y COLECCIONES\EJ_28\EJ_28.csproj", "{60624D4B-384C-4540-9F88-D7141650374E}"
EndProject
Project("{2150E333-8FDC-42A3-9474-1A3956D46DE8}") = "7 ENCAPSULAMIENTO", "7 ENCAPSULAMIENTO", "{AEFF595A-AEA2-4FD0-8B43-E4E754A51556}"
EndProject
Project("{2150E333-8FDC-42A3-9474-1A3956D46DE8}") = "8 HERENCIA", "8 HERENCIA", "{2175C8E2-FAA0-4924-8434-CBA1381CD96F}"
EndProject
Project("{FAE04EC0-301F-11D3-BF4B-00C04F79EFBC}") = "EJ_31", "7 ENCAPSULAMIENTO\EJ_31\EJ_31.csproj", "{97343953-71D5-44F4-968B-0A5822B0C810}"
EndProject
Project("{2150E333-8FDC-42A3-9474-1A3956D46DE8}") = "9 SOBRECARGA DE MÉTODOS, POLIMORFISMO, ABSTRACT y VIRTUAL", "9 SOBRECARGA DE MÉTODOS, POLIMORFISMO, ABSTRACT y VIRTUAL", "{6F3C18FA-69D0-4353-92BE-22C27EE1B802}"
EndProject
Global
	GlobalSection(SolutionConfigurationPlatforms) = preSolution
		Debug|Any CPU = Debug|Any CPU
		Release|Any CPU = Release|Any CPU
	EndGlobalSection
	GlobalSection(ProjectConfigurationPlatforms) = postSolution
		{7432786C-B318-47DE-BC14-9405371A7A7B}.Debug|Any CPU.ActiveCfg = Debug|Any CPU
		{7432786C-B318-47DE-BC14-9405371A7A7B}.Debug|Any CPU.Build.0 = Debug|Any CPU
		{7432786C-B318-47DE-BC14-9405371A7A7B}.Release|Any CPU.ActiveCfg = Release|Any CPU
		{7432786C-B318-47DE-BC14-9405371A7A7B}.Release|Any CPU.Build.0 = Release|Any CPU
		{0C098DF5-2EA7-49DE-9067-E691FC464FE2}.Debug|Any CPU.ActiveCfg = Debug|Any CPU
		{0C098DF5-2EA7-49DE-9067-E691FC464FE2}.Debug|Any CPU.Build.0 = Debug|Any CPU
		{0C098DF5-2EA7-49DE-9067-E691FC464FE2}.Release|Any CPU.ActiveCfg = Release|Any CPU
		{0C098DF5-2EA7-49DE-9067-E691FC464FE2}.Release|Any CPU.Build.0 = Release|Any CPU
		{CD913879-C55C-41F7-B121-9C2A6E1CDE8A}.Debug|Any CPU.ActiveCfg = Debug|Any CPU
		{CD913879-C55C-41F7-B121-9C2A6E1CDE8A}.Debug|Any CPU.Build.0 = Debug|Any CPU
		{CD913879-C55C-41F7-B121-9C2A6E1CDE8A}.Release|Any CPU.ActiveCfg = Release|Any CPU
		{CD913879-C55C-41F7-B121-9C2A6E1CDE8A}.Release|Any CPU.Build.0 = Release|Any CPU
		{A5DB4EAA-4419-440B-99EE-22BFAB91A0D5}.Debug|Any CPU.ActiveCfg = Debug|Any CPU
		{A5DB4EAA-4419-440B-99EE-22BFAB91A0D5}.Debug|Any CPU.Build.0 = Debug|Any CPU
		{A5DB4EAA-4419-440B-99EE-22BFAB91A0D5}.Release|Any CPU.ActiveCfg = Release|Any CPU
		{A5DB4EAA-4419-440B-99EE-22BFAB91A0D5}.Release|Any CPU.Build.0 = Release|Any CPU
		{8FE4F7B2-C06D-46F0-8CEE-2E2D376A693A}.Debug|Any CPU.ActiveCfg = Debug|Any CPU
		{8FE4F7B2-C06D-46F0-8CEE-2E2D376A693A}.Debug|Any CPU.Build.0 = Debug|Any CPU
		{8FE4F7B2-C06D-46F0-8CEE-2E2D376A693A}.Release|Any CPU.ActiveCfg = Release|Any CPU
		{8FE4F7B2-C06D-46F0-8CEE-2E2D376A693A}.Release|Any CPU.Build.0 = Release|Any CPU
		{A01247E9-3FC8-48AB-A30A-09D922E8074B}.Debug|Any CPU.ActiveCfg = Debug|Any CPU
		{A01247E9-3FC8-48AB-A30A-09D922E8074B}.Debug|Any CPU.Build.0 = Debug|Any CPU
		{A01247E9-3FC8-48AB-A30A-09D922E8074B}.Release|Any CPU.ActiveCfg = Release|Any CPU
		{A01247E9-3FC8-48AB-A30A-09D922E8074B}.Release|Any CPU.Build.0 = Release|Any CPU
		{31142251-B914-4C31-A78B-34BB704952AF}.Debug|Any CPU.ActiveCfg = Debug|Any CPU
		{31142251-B914-4C31-A78B-34BB704952AF}.Debug|Any CPU.Build.0 = Debug|Any CPU
		{31142251-B914-4C31-A78B-34BB704952AF}.Release|Any CPU.ActiveCfg = Release|Any CPU
		{31142251-B914-4C31-A78B-34BB704952AF}.Release|Any CPU.Build.0 = Release|Any CPU
		{B3AB030E-4763-4F62-96E9-7CB2455A16EA}.Debug|Any CPU.ActiveCfg = Debug|Any CPU
		{B3AB030E-4763-4F62-96E9-7CB2455A16EA}.Debug|Any CPU.Build.0 = Debug|Any CPU
		{B3AB030E-4763-4F62-96E9-7CB2455A16EA}.Release|Any CPU.ActiveCfg = Release|Any CPU
		{B3AB030E-4763-4F62-96E9-7CB2455A16EA}.Release|Any CPU.Build.0 = Release|Any CPU
		{479DE10B-BBF3-47C8-BB83-2A7A42A45E8D}.Debug|Any CPU.ActiveCfg = Debug|Any CPU
		{479DE10B-BBF3-47C8-BB83-2A7A42A45E8D}.Debug|Any CPU.Build.0 = Debug|Any CPU
		{479DE10B-BBF3-47C8-BB83-2A7A42A45E8D}.Release|Any CPU.ActiveCfg = Release|Any CPU
		{479DE10B-BBF3-47C8-BB83-2A7A42A45E8D}.Release|Any CPU.Build.0 = Release|Any CPU
		{B85D6275-CC70-4569-970B-CAC24BCE8C48}.Debug|Any CPU.ActiveCfg = Debug|Any CPU
		{B85D6275-CC70-4569-970B-CAC24BCE8C48}.Debug|Any CPU.Build.0 = Debug|Any CPU
		{B85D6275-CC70-4569-970B-CAC24BCE8C48}.Release|Any CPU.ActiveCfg = Release|Any CPU
		{B85D6275-CC70-4569-970B-CAC24BCE8C48}.Release|Any CPU.Build.0 = Release|Any CPU
		{0C5D63C8-183B-46D5-A699-8AA39CB4D2F1}.Debug|Any CPU.ActiveCfg = Debug|Any CPU
		{0C5D63C8-183B-46D5-A699-8AA39CB4D2F1}.Debug|Any CPU.Build.0 = Debug|Any CPU
		{0C5D63C8-183B-46D5-A699-8AA39CB4D2F1}.Release|Any CPU.ActiveCfg = Release|Any CPU
		{0C5D63C8-183B-46D5-A699-8AA39CB4D2F1}.Release|Any CPU.Build.0 = Release|Any CPU
		{071CEE33-67EB-411F-94C0-02EBBDBBEB70}.Debug|Any CPU.ActiveCfg = Debug|Any CPU
		{071CEE33-67EB-411F-94C0-02EBBDBBEB70}.Debug|Any CPU.Build.0 = Debug|Any CPU
		{071CEE33-67EB-411F-94C0-02EBBDBBEB70}.Release|Any CPU.ActiveCfg = Release|Any CPU
		{071CEE33-67EB-411F-94C0-02EBBDBBEB70}.Release|Any CPU.Build.0 = Release|Any CPU
		{AE87C4A0-4FA4-4B4E-96F9-883CEEC8AD75}.Debug|Any CPU.ActiveCfg = Debug|Any CPU
		{AE87C4A0-4FA4-4B4E-96F9-883CEEC8AD75}.Debug|Any CPU.Build.0 = Debug|Any CPU
		{AE87C4A0-4FA4-4B4E-96F9-883CEEC8AD75}.Release|Any CPU.ActiveCfg = Release|Any CPU
		{AE87C4A0-4FA4-4B4E-96F9-883CEEC8AD75}.Release|Any CPU.Build.0 = Release|Any CPU
		{195F0F6B-BDF0-4BF0-BBDE-D9FF2B7E649D}.Debug|Any CPU.ActiveCfg = Debug|Any CPU
		{195F0F6B-BDF0-4BF0-BBDE-D9FF2B7E649D}.Debug|Any CPU.Build.0 = Debug|Any CPU
		{195F0F6B-BDF0-4BF0-BBDE-D9FF2B7E649D}.Release|Any CPU.ActiveCfg = Release|Any CPU
		{195F0F6B-BDF0-4BF0-BBDE-D9FF2B7E649D}.Release|Any CPU.Build.0 = Release|Any CPU
		{061816E8-F855-41F5-BD1E-975B0D00CA65}.Debug|Any CPU.ActiveCfg = Debug|Any CPU
		{061816E8-F855-41F5-BD1E-975B0D00CA65}.Debug|Any CPU.Build.0 = Debug|Any CPU
		{061816E8-F855-41F5-BD1E-975B0D00CA65}.Release|Any CPU.ActiveCfg = Release|Any CPU
		{061816E8-F855-41F5-BD1E-975B0D00CA65}.Release|Any CPU.Build.0 = Release|Any CPU
		{CF26AD6B-8A2F-4B9B-A6AB-E64B059F692D}.Debug|Any CPU.ActiveCfg = Debug|Any CPU
		{CF26AD6B-8A2F-4B9B-A6AB-E64B059F692D}.Debug|Any CPU.Build.0 = Debug|Any CPU
		{CF26AD6B-8A2F-4B9B-A6AB-E64B059F692D}.Release|Any CPU.ActiveCfg = Release|Any CPU
		{CF26AD6B-8A2F-4B9B-A6AB-E64B059F692D}.Release|Any CPU.Build.0 = Release|Any CPU
		{B256CB89-350D-47FE-B8A6-2A10AC0419E3}.Debug|Any CPU.ActiveCfg = Debug|Any CPU
		{B256CB89-350D-47FE-B8A6-2A10AC0419E3}.Debug|Any CPU.Build.0 = Debug|Any CPU
		{B256CB89-350D-47FE-B8A6-2A10AC0419E3}.Release|Any CPU.ActiveCfg = Release|Any CPU
		{B256CB89-350D-47FE-B8A6-2A10AC0419E3}.Release|Any CPU.Build.0 = Release|Any CPU
		{88156072-4534-4EA0-8AAA-076BFD8DA5F2}.Debug|Any CPU.ActiveCfg = Debug|Any CPU
		{88156072-4534-4EA0-8AAA-076BFD8DA5F2}.Debug|Any CPU.Build.0 = Debug|Any CPU
		{88156072-4534-4EA0-8AAA-076BFD8DA5F2}.Release|Any CPU.ActiveCfg = Release|Any CPU
		{88156072-4534-4EA0-8AAA-076BFD8DA5F2}.Release|Any CPU.Build.0 = Release|Any CPU
		{DD58A896-10AB-4828-8022-A436F9DED5E1}.Debug|Any CPU.ActiveCfg = Debug|Any CPU
		{DD58A896-10AB-4828-8022-A436F9DED5E1}.Debug|Any CPU.Build.0 = Debug|Any CPU
		{DD58A896-10AB-4828-8022-A436F9DED5E1}.Release|Any CPU.ActiveCfg = Release|Any CPU
		{DD58A896-10AB-4828-8022-A436F9DED5E1}.Release|Any CPU.Build.0 = Release|Any CPU
		{1C6603CD-FF81-4D43-9E5D-CFA115692D67}.Debug|Any CPU.ActiveCfg = Debug|Any CPU
		{1C6603CD-FF81-4D43-9E5D-CFA115692D67}.Debug|Any CPU.Build.0 = Debug|Any CPU
		{1C6603CD-FF81-4D43-9E5D-CFA115692D67}.Release|Any CPU.ActiveCfg = Release|Any CPU
		{1C6603CD-FF81-4D43-9E5D-CFA115692D67}.Release|Any CPU.Build.0 = Release|Any CPU
		{FD21ADF8-4349-4882-A159-03617FC7485B}.Debug|Any CPU.ActiveCfg = Debug|Any CPU
		{FD21ADF8-4349-4882-A159-03617FC7485B}.Debug|Any CPU.Build.0 = Debug|Any CPU
		{FD21ADF8-4349-4882-A159-03617FC7485B}.Release|Any CPU.ActiveCfg = Release|Any CPU
		{FD21ADF8-4349-4882-A159-03617FC7485B}.Release|Any CPU.Build.0 = Release|Any CPU
		{7DB2F933-F9D0-4E94-A4EF-F0002D2F4076}.Debug|Any CPU.ActiveCfg = Debug|Any CPU
		{7DB2F933-F9D0-4E94-A4EF-F0002D2F4076}.Debug|Any CPU.Build.0 = Debug|Any CPU
		{7DB2F933-F9D0-4E94-A4EF-F0002D2F4076}.Release|Any CPU.ActiveCfg = Release|Any CPU
		{7DB2F933-F9D0-4E94-A4EF-F0002D2F4076}.Release|Any CPU.Build.0 = Release|Any CPU
		{B9C1009E-7B28-4E13-9476-3E783CE3F770}.Debug|Any CPU.ActiveCfg = Debug|Any CPU
		{B9C1009E-7B28-4E13-9476-3E783CE3F770}.Debug|Any CPU.Build.0 = Debug|Any CPU
		{B9C1009E-7B28-4E13-9476-3E783CE3F770}.Release|Any CPU.ActiveCfg = Release|Any CPU
		{B9C1009E-7B28-4E13-9476-3E783CE3F770}.Release|Any CPU.Build.0 = Release|Any CPU
		{60624D4B-384C-4540-9F88-D7141650374E}.Debug|Any CPU.ActiveCfg = Debug|Any CPU
		{60624D4B-384C-4540-9F88-D7141650374E}.Debug|Any CPU.Build.0 = Debug|Any CPU
		{60624D4B-384C-4540-9F88-D7141650374E}.Release|Any CPU.ActiveCfg = Release|Any CPU
		{60624D4B-384C-4540-9F88-D7141650374E}.Release|Any CPU.Build.0 = Release|Any CPU
		{97343953-71D5-44F4-968B-0A5822B0C810}.Debug|Any CPU.ActiveCfg = Debug|Any CPU
		{97343953-71D5-44F4-968B-0A5822B0C810}.Debug|Any CPU.Build.0 = Debug|Any CPU
		{97343953-71D5-44F4-968B-0A5822B0C810}.Release|Any CPU.ActiveCfg = Release|Any CPU
		{97343953-71D5-44F4-968B-0A5822B0C810}.Release|Any CPU.Build.0 = Release|Any CPU
	EndGlobalSection
	GlobalSection(SolutionProperties) = preSolution
		HideSolutionNode = FALSE
	EndGlobalSection
	GlobalSection(NestedProjects) = preSolution
		{7432786C-B318-47DE-BC14-9405371A7A7B} = {4532EC16-9E9A-429B-8984-6848DE901D60}
		{0C098DF5-2EA7-49DE-9067-E691FC464FE2} = {4532EC16-9E9A-429B-8984-6848DE901D60}
		{CD913879-C55C-41F7-B121-9C2A6E1CDE8A} = {B4F24889-967F-4288-A76B-8B2D7DC0288D}
		{A5DB4EAA-4419-440B-99EE-22BFAB91A0D5} = {B4F24889-967F-4288-A76B-8B2D7DC0288D}
		{8FE4F7B2-C06D-46F0-8CEE-2E2D376A693A} = {B4F24889-967F-4288-A76B-8B2D7DC0288D}
		{A01247E9-3FC8-48AB-A30A-09D922E8074B} = {B4F24889-967F-4288-A76B-8B2D7DC0288D}
		{31142251-B914-4C31-A78B-34BB704952AF} = {B4F24889-967F-4288-A76B-8B2D7DC0288D}
		{B3AB030E-4763-4F62-96E9-7CB2455A16EA} = {B4F24889-967F-4288-A76B-8B2D7DC0288D}
		{479DE10B-BBF3-47C8-BB83-2A7A42A45E8D} = {B4F24889-967F-4288-A76B-8B2D7DC0288D}
		{B85D6275-CC70-4569-970B-CAC24BCE8C48} = {B4F24889-967F-4288-A76B-8B2D7DC0288D}
		{0C5D63C8-183B-46D5-A699-8AA39CB4D2F1} = {B4F24889-967F-4288-A76B-8B2D7DC0288D}
		{071CEE33-67EB-411F-94C0-02EBBDBBEB70} = {B4F24889-967F-4288-A76B-8B2D7DC0288D}
		{AE87C4A0-4FA4-4B4E-96F9-883CEEC8AD75} = {2E449440-948F-45E4-92A9-F906BB2413E3}
		{195F0F6B-BDF0-4BF0-BBDE-D9FF2B7E649D} = {2E449440-948F-45E4-92A9-F906BB2413E3}
		{061816E8-F855-41F5-BD1E-975B0D00CA65} = {2E449440-948F-45E4-92A9-F906BB2413E3}
		{CF26AD6B-8A2F-4B9B-A6AB-E64B059F692D} = {2E449440-948F-45E4-92A9-F906BB2413E3}
		{B256CB89-350D-47FE-B8A6-2A10AC0419E3} = {2E449440-948F-45E4-92A9-F906BB2413E3}
		{88156072-4534-4EA0-8AAA-076BFD8DA5F2} = {F6C53E42-3534-4C74-B34E-7843B4E3EAE7}
		{DD58A896-10AB-4828-8022-A436F9DED5E1} = {F6C53E42-3534-4C74-B34E-7843B4E3EAE7}
		{1C6603CD-FF81-4D43-9E5D-CFA115692D67} = {F6C53E42-3534-4C74-B34E-7843B4E3EAE7}
		{FD21ADF8-4349-4882-A159-03617FC7485B} = {826E64DA-3A86-430B-82F0-48BA0B7EB300}
		{7DB2F933-F9D0-4E94-A4EF-F0002D2F4076} = {2BA0886D-AF85-42AE-8AEB-989780B2EA7D}
		{B9C1009E-7B28-4E13-9476-3E783CE3F770} = {2BA0886D-AF85-42AE-8AEB-989780B2EA7D}
		{60624D4B-384C-4540-9F88-D7141650374E} = {2BA0886D-AF85-42AE-8AEB-989780B2EA7D}
		{97343953-71D5-44F4-968B-0A5822B0C810} = {AEFF595A-AEA2-4FD0-8B43-E4E754A51556}
	EndGlobalSection
	GlobalSection(ExtensibilityGlobals) = postSolution
		SolutionGuid = {DE0B2E70-03CA-48D7-850E-F3CEE6DD8034}
	EndGlobalSection
EndGlobal
