
Microsoft Visual Studio Solution File, Format Version 12.00
# Visual Studio 15
VisualStudioVersion = 15.0.27703.2047
MinimumVisualStudioVersion = 10.0.40219.1
Project("{FAE04EC0-301F-11D3-BF4B-00C04F79EFBC}") = "EJ_19", "4 SOBRECARGA DE OPERADORES\EJ_19\EJ_19.csproj", "{7432786C-B318-47DE-BC14-9405371A7A7B}"
EndProject
Project("{2150E333-8FDC-42A3-9474-1A3956D46DE8}") = "4 SOBRECARGA DE OPERADORES", "4 SOBRECARGA DE OPERADORES", "{4532EC16-9E9A-429B-8984-6848DE901D60}"
EndProject
Project("{FAE04EC0-301F-11D3-BF4B-00C04F79EFBC}") = "EJ_20", "4 SOBRECARGA DE OPERADORES\EJ_20\EJ_20.csproj", "{0C098DF5-2EA7-49DE-9067-E691FC464FE2}"
EndProject
Global
	GlobalSection(SolutionConfigurationPlatforms) = preSolution
		Debug|Any CPU = Debug|Any CPU
		Release|Any CPU = Release|Any CPU
	EndGlobalSection
	GlobalSection(ProjectConfigurationPlatforms) = postSolution
		{7432786C-B318-47DE-BC14-9405371A7A7B}.Debug|Any CPU.ActiveCfg = Debug|Any CPU
		{7432786C-B318-47DE-BC14-9405371A7A7B}.Debug|Any CPU.Build.0 = Debug|Any CPU
		{7432786C-B318-47DE-BC14-9405371A7A7B}.Release|Any CPU.ActiveCfg = Release|Any CPU
		{7432786C-B318-47DE-BC14-9405371A7A7B}.Release|Any CPU.Build.0 = Release|Any CPU
		{0C098DF5-2EA7-49DE-9067-E691FC464FE2}.Debug|Any CPU.ActiveCfg = Debug|Any CPU
		{0C098DF5-2EA7-49DE-9067-E691FC464FE2}.Debug|Any CPU.Build.0 = Debug|Any CPU
		{0C098DF5-2EA7-49DE-9067-E691FC464FE2}.Release|Any CPU.ActiveCfg = Release|Any CPU
		{0C098DF5-2EA7-49DE-9067-E691FC464FE2}.Release|Any CPU.Build.0 = Release|Any CPU
	EndGlobalSection
	GlobalSection(SolutionProperties) = preSolution
		HideSolutionNode = FALSE
	EndGlobalSection
	GlobalSection(NestedProjects) = preSolution
		{7432786C-B318-47DE-BC14-9405371A7A7B} = {4532EC16-9E9A-429B-8984-6848DE901D60}
		{0C098DF5-2EA7-49DE-9067-E691FC464FE2} = {4532EC16-9E9A-429B-8984-6848DE901D60}
	EndGlobalSection
	GlobalSection(ExtensibilityGlobals) = postSolution
		SolutionGuid = {DE0B2E70-03CA-48D7-850E-F3CEE6DD8034}
	EndGlobalSection
EndGlobal
