
Microsoft Visual Studio Solution File, Format Version 12.00
# Visual Studio 15
VisualStudioVersion = 15.0.27703.2047
MinimumVisualStudioVersion = 10.0.40219.1
Project("{FAE04EC0-301F-11D3-BF4B-00C04F79EFBC}") = "proyecto01", "proyecto01\proyecto01.csproj", "{DB8E104E-EBFC-43C8-B007-9F9B2D12C929}"
EndProject
Project("{FAE04EC0-301F-11D3-BF4B-00C04F79EFBC}") = "Ejercicio_01", "Ejercicio_01\Ejercicio_01.csproj", "{4697A627-E3EB-457F-8FE5-D299C05B18C7}"
EndProject
Project("{FAE04EC0-301F-11D3-BF4B-00C04F79EFBC}") = "Ejercicio_02", "Ejercicio_02\Ejercicio_02.csproj", "{816B8D87-C16B-4588-8DE5-216FD4123FB8}"
EndProject
Project("{FAE04EC0-301F-11D3-BF4B-00C04F79EFBC}") = "proyecto03", "proyecto03\proyecto03.csproj", "{F4977E82-6E0A-4FCE-866B-AA21BAC70F09}"
EndProject
Project("{FAE04EC0-301F-11D3-BF4B-00C04F79EFBC}") = "Librerias", "Librerias\Librerias.csproj", "{AA2BF63A-09DA-411F-A0CB-39D89125A46B}"
EndProject
Project("{FAE04EC0-301F-11D3-BF4B-00C04F79EFBC}") = "clase04.Entidades", "clase04.Entidades\clase04.Entidades.csproj", "{745950CF-1299-4D3D-A913-D01209E0D6D0}"
EndProject
Project("{FAE04EC0-301F-11D3-BF4B-00C04F79EFBC}") = "clase04", "clase04\clase04.csproj", "{EC3CDC9C-1D95-434F-B3F5-BA2F656CFBD6}"
EndProject
Project("{FAE04EC0-301F-11D3-BF4B-00C04F79EFBC}") = "WindowsFormsApp1", "WindowsFormsApp1\WindowsFormsApp1.csproj", "{D46F98F1-8326-4661-969C-E060FB203485}"
EndProject
Project("{FAE04EC0-301F-11D3-BF4B-00C04F79EFBC}") = "Clase_05.Entidades", "Clase_05.Entidades\Clase_05.Entidades.csproj", "{7C590B02-1F27-436C-8542-586C48A4C92A}"
EndProject
Project("{FAE04EC0-301F-11D3-BF4B-00C04F79EFBC}") = "clase05", "clase05\clase05.csproj", "{A083DE6C-4367-433E-B2B3-6A583C23061B}"
EndProject
Project("{FAE04EC0-301F-11D3-BF4B-00C04F79EFBC}") = "clase07", "clase07\clase07.csproj", "{F162900C-EC8E-4C83-8892-97FAAEE0A539}"
EndProject
Project("{FAE04EC0-301F-11D3-BF4B-00C04F79EFBC}") = "Entidades-Tempera", "Aux_mariano_ovelar\Entidades-Tempera\Entidades-Tempera.csproj", "{7039BBA3-874E-4C85-9079-69166F136C69}"
EndProject
Project("{FAE04EC0-301F-11D3-BF4B-00C04F79EFBC}") = "Vehiculos", "Vehiculos\Vehiculos.csproj", "{0B630B59-D811-4DBD-8A05-8EDB85B991A3}"
EndProject
Project("{FAE04EC0-301F-11D3-BF4B-00C04F79EFBC}") = "testVeiculos", "testVeiculos\testVeiculos.csproj", "{7190305F-B345-4E18-AB0A-7CE403387118}"
EndProject
Project("{FAE04EC0-301F-11D3-BF4B-00C04F79EFBC}") = "Ovelar.Mariano.2A", "Ovelar.Mariano.2A\Ovelar.Mariano.2A.csproj", "{476D8E44-994A-4D44-8D42-E5DB62E79FF9}"
EndProject
Project("{FAE04EC0-301F-11D3-BF4B-00C04F79EFBC}") = "testParcial", "testParcial\testParcial.csproj", "{182A1065-84E2-4D24-8FF3-A51B01306D8C}"
EndProject
Project("{FAE04EC0-301F-11D3-BF4B-00C04F79EFBC}") = "Entidades.clase.14", "Entidades.clase.14\Entidades.clase.14.csproj", "{3D452F09-47F5-4F84-B4AF-A28CDDE2C3F7}"
EndProject
Project("{FAE04EC0-301F-11D3-BF4B-00C04F79EFBC}") = "clase14", "clase14\clase14.csproj", "{165D7FFC-655A-46AF-B874-B73AC02BF30B}"
EndProject
Project("{FAE04EC0-301F-11D3-BF4B-00C04F79EFBC}") = "ultimaClase", "ultimaClase\ultimaClase.csproj", "{AFA5D4B2-9ABA-4418-8983-DCD427B9CC71}"
EndProject
Global
	GlobalSection(SolutionConfigurationPlatforms) = preSolution
		Debug|Any CPU = Debug|Any CPU
		Release|Any CPU = Release|Any CPU
	EndGlobalSection
	GlobalSection(ProjectConfigurationPlatforms) = postSolution
		{DB8E104E-EBFC-43C8-B007-9F9B2D12C929}.Debug|Any CPU.ActiveCfg = Debug|Any CPU
		{DB8E104E-EBFC-43C8-B007-9F9B2D12C929}.Debug|Any CPU.Build.0 = Debug|Any CPU
		{DB8E104E-EBFC-43C8-B007-9F9B2D12C929}.Release|Any CPU.ActiveCfg = Release|Any CPU
		{DB8E104E-EBFC-43C8-B007-9F9B2D12C929}.Release|Any CPU.Build.0 = Release|Any CPU
		{4697A627-E3EB-457F-8FE5-D299C05B18C7}.Debug|Any CPU.ActiveCfg = Debug|Any CPU
		{4697A627-E3EB-457F-8FE5-D299C05B18C7}.Debug|Any CPU.Build.0 = Debug|Any CPU
		{4697A627-E3EB-457F-8FE5-D299C05B18C7}.Release|Any CPU.ActiveCfg = Release|Any CPU
		{4697A627-E3EB-457F-8FE5-D299C05B18C7}.Release|Any CPU.Build.0 = Release|Any CPU
		{816B8D87-C16B-4588-8DE5-216FD4123FB8}.Debug|Any CPU.ActiveCfg = Debug|Any CPU
		{816B8D87-C16B-4588-8DE5-216FD4123FB8}.Debug|Any CPU.Build.0 = Debug|Any CPU
		{816B8D87-C16B-4588-8DE5-216FD4123FB8}.Release|Any CPU.ActiveCfg = Release|Any CPU
		{816B8D87-C16B-4588-8DE5-216FD4123FB8}.Release|Any CPU.Build.0 = Release|Any CPU
		{F4977E82-6E0A-4FCE-866B-AA21BAC70F09}.Debug|Any CPU.ActiveCfg = Debug|Any CPU
		{F4977E82-6E0A-4FCE-866B-AA21BAC70F09}.Debug|Any CPU.Build.0 = Debug|Any CPU
		{F4977E82-6E0A-4FCE-866B-AA21BAC70F09}.Release|Any CPU.ActiveCfg = Release|Any CPU
		{F4977E82-6E0A-4FCE-866B-AA21BAC70F09}.Release|Any CPU.Build.0 = Release|Any CPU
		{AA2BF63A-09DA-411F-A0CB-39D89125A46B}.Debug|Any CPU.ActiveCfg = Debug|Any CPU
		{AA2BF63A-09DA-411F-A0CB-39D89125A46B}.Debug|Any CPU.Build.0 = Debug|Any CPU
		{AA2BF63A-09DA-411F-A0CB-39D89125A46B}.Release|Any CPU.ActiveCfg = Release|Any CPU
		{AA2BF63A-09DA-411F-A0CB-39D89125A46B}.Release|Any CPU.Build.0 = Release|Any CPU
		{745950CF-1299-4D3D-A913-D01209E0D6D0}.Debug|Any CPU.ActiveCfg = Debug|Any CPU
		{745950CF-1299-4D3D-A913-D01209E0D6D0}.Debug|Any CPU.Build.0 = Debug|Any CPU
		{745950CF-1299-4D3D-A913-D01209E0D6D0}.Release|Any CPU.ActiveCfg = Release|Any CPU
		{745950CF-1299-4D3D-A913-D01209E0D6D0}.Release|Any CPU.Build.0 = Release|Any CPU
		{EC3CDC9C-1D95-434F-B3F5-BA2F656CFBD6}.Debug|Any CPU.ActiveCfg = Debug|Any CPU
		{EC3CDC9C-1D95-434F-B3F5-BA2F656CFBD6}.Debug|Any CPU.Build.0 = Debug|Any CPU
		{EC3CDC9C-1D95-434F-B3F5-BA2F656CFBD6}.Release|Any CPU.ActiveCfg = Release|Any CPU
		{EC3CDC9C-1D95-434F-B3F5-BA2F656CFBD6}.Release|Any CPU.Build.0 = Release|Any CPU
		{D46F98F1-8326-4661-969C-E060FB203485}.Debug|Any CPU.ActiveCfg = Debug|Any CPU
		{D46F98F1-8326-4661-969C-E060FB203485}.Debug|Any CPU.Build.0 = Debug|Any CPU
		{D46F98F1-8326-4661-969C-E060FB203485}.Release|Any CPU.ActiveCfg = Release|Any CPU
		{D46F98F1-8326-4661-969C-E060FB203485}.Release|Any CPU.Build.0 = Release|Any CPU
		{7C590B02-1F27-436C-8542-586C48A4C92A}.Debug|Any CPU.ActiveCfg = Debug|Any CPU
		{7C590B02-1F27-436C-8542-586C48A4C92A}.Debug|Any CPU.Build.0 = Debug|Any CPU
		{7C590B02-1F27-436C-8542-586C48A4C92A}.Release|Any CPU.ActiveCfg = Release|Any CPU
		{7C590B02-1F27-436C-8542-586C48A4C92A}.Release|Any CPU.Build.0 = Release|Any CPU
		{A083DE6C-4367-433E-B2B3-6A583C23061B}.Debug|Any CPU.ActiveCfg = Debug|Any CPU
		{A083DE6C-4367-433E-B2B3-6A583C23061B}.Debug|Any CPU.Build.0 = Debug|Any CPU
		{A083DE6C-4367-433E-B2B3-6A583C23061B}.Release|Any CPU.ActiveCfg = Release|Any CPU
		{A083DE6C-4367-433E-B2B3-6A583C23061B}.Release|Any CPU.Build.0 = Release|Any CPU
		{F162900C-EC8E-4C83-8892-97FAAEE0A539}.Debug|Any CPU.ActiveCfg = Debug|Any CPU
		{F162900C-EC8E-4C83-8892-97FAAEE0A539}.Debug|Any CPU.Build.0 = Debug|Any CPU
		{F162900C-EC8E-4C83-8892-97FAAEE0A539}.Release|Any CPU.ActiveCfg = Release|Any CPU
		{F162900C-EC8E-4C83-8892-97FAAEE0A539}.Release|Any CPU.Build.0 = Release|Any CPU
		{7039BBA3-874E-4C85-9079-69166F136C69}.Debug|Any CPU.ActiveCfg = Debug|Any CPU
		{7039BBA3-874E-4C85-9079-69166F136C69}.Debug|Any CPU.Build.0 = Debug|Any CPU
		{7039BBA3-874E-4C85-9079-69166F136C69}.Release|Any CPU.ActiveCfg = Release|Any CPU
		{7039BBA3-874E-4C85-9079-69166F136C69}.Release|Any CPU.Build.0 = Release|Any CPU
		{0B630B59-D811-4DBD-8A05-8EDB85B991A3}.Debug|Any CPU.ActiveCfg = Debug|Any CPU
		{0B630B59-D811-4DBD-8A05-8EDB85B991A3}.Debug|Any CPU.Build.0 = Debug|Any CPU
		{0B630B59-D811-4DBD-8A05-8EDB85B991A3}.Release|Any CPU.ActiveCfg = Release|Any CPU
		{0B630B59-D811-4DBD-8A05-8EDB85B991A3}.Release|Any CPU.Build.0 = Release|Any CPU
		{7190305F-B345-4E18-AB0A-7CE403387118}.Debug|Any CPU.ActiveCfg = Debug|Any CPU
		{7190305F-B345-4E18-AB0A-7CE403387118}.Debug|Any CPU.Build.0 = Debug|Any CPU
		{7190305F-B345-4E18-AB0A-7CE403387118}.Release|Any CPU.ActiveCfg = Release|Any CPU
		{7190305F-B345-4E18-AB0A-7CE403387118}.Release|Any CPU.Build.0 = Release|Any CPU
		{476D8E44-994A-4D44-8D42-E5DB62E79FF9}.Debug|Any CPU.ActiveCfg = Debug|Any CPU
		{476D8E44-994A-4D44-8D42-E5DB62E79FF9}.Debug|Any CPU.Build.0 = Debug|Any CPU
		{476D8E44-994A-4D44-8D42-E5DB62E79FF9}.Release|Any CPU.ActiveCfg = Release|Any CPU
		{476D8E44-994A-4D44-8D42-E5DB62E79FF9}.Release|Any CPU.Build.0 = Release|Any CPU
		{182A1065-84E2-4D24-8FF3-A51B01306D8C}.Debug|Any CPU.ActiveCfg = Debug|Any CPU
		{182A1065-84E2-4D24-8FF3-A51B01306D8C}.Debug|Any CPU.Build.0 = Debug|Any CPU
		{182A1065-84E2-4D24-8FF3-A51B01306D8C}.Release|Any CPU.ActiveCfg = Release|Any CPU
		{182A1065-84E2-4D24-8FF3-A51B01306D8C}.Release|Any CPU.Build.0 = Release|Any CPU
		{3D452F09-47F5-4F84-B4AF-A28CDDE2C3F7}.Debug|Any CPU.ActiveCfg = Debug|Any CPU
		{3D452F09-47F5-4F84-B4AF-A28CDDE2C3F7}.Debug|Any CPU.Build.0 = Debug|Any CPU
		{3D452F09-47F5-4F84-B4AF-A28CDDE2C3F7}.Release|Any CPU.ActiveCfg = Release|Any CPU
		{3D452F09-47F5-4F84-B4AF-A28CDDE2C3F7}.Release|Any CPU.Build.0 = Release|Any CPU
		{165D7FFC-655A-46AF-B874-B73AC02BF30B}.Debug|Any CPU.ActiveCfg = Debug|Any CPU
		{165D7FFC-655A-46AF-B874-B73AC02BF30B}.Debug|Any CPU.Build.0 = Debug|Any CPU
		{165D7FFC-655A-46AF-B874-B73AC02BF30B}.Release|Any CPU.ActiveCfg = Release|Any CPU
		{165D7FFC-655A-46AF-B874-B73AC02BF30B}.Release|Any CPU.Build.0 = Release|Any CPU
		{AFA5D4B2-9ABA-4418-8983-DCD427B9CC71}.Debug|Any CPU.ActiveCfg = Debug|Any CPU
		{AFA5D4B2-9ABA-4418-8983-DCD427B9CC71}.Debug|Any CPU.Build.0 = Debug|Any CPU
		{AFA5D4B2-9ABA-4418-8983-DCD427B9CC71}.Release|Any CPU.ActiveCfg = Release|Any CPU
		{AFA5D4B2-9ABA-4418-8983-DCD427B9CC71}.Release|Any CPU.Build.0 = Release|Any CPU
	EndGlobalSection
	GlobalSection(SolutionProperties) = preSolution
		HideSolutionNode = FALSE
	EndGlobalSection
	GlobalSection(ExtensibilityGlobals) = postSolution
		SolutionGuid = {E12F28BA-83E9-4352-8722-501B06707CBD}
	EndGlobalSection
EndGlobal
