
Microsoft Visual Studio Solution File, Format Version 12.00
# Visual Studio 15
VisualStudioVersion = 15.0.27703.2047
MinimumVisualStudioVersion = 10.0.40219.1
Project("{FAE04EC0-301F-11D3-BF4B-00C04F79EFBC}") = "proyecto01", "proyecto01\proyecto01.csproj", "{DB8E104E-EBFC-43C8-B007-9F9B2D12C929}"
EndProject
Project("{FAE04EC0-301F-11D3-BF4B-00C04F79EFBC}") = "Ejercicio_01", "Ejercicio_01\Ejercicio_01.csproj", "{4697A627-E3EB-457F-8FE5-D299C05B18C7}"
EndProject
Project("{FAE04EC0-301F-11D3-BF4B-00C04F79EFBC}") = "Ejercicio_02", "Ejercicio_02\Ejercicio_02.csproj", "{816B8D87-C16B-4588-8DE5-216FD4123FB8}"
EndProject
Project("{FAE04EC0-301F-11D3-BF4B-00C04F79EFBC}") = "proyecto03", "proyecto03\proyecto03.csproj", "{F4977E82-6E0A-4FCE-866B-AA21BAC70F09}"
EndProject
Project("{FAE04EC0-301F-11D3-BF4B-00C04F79EFBC}") = "Librerias", "Librerias\Librerias.csproj", "{AA2BF63A-09DA-411F-A0CB-39D89125A46B}"
EndProject
Project("{FAE04EC0-301F-11D3-BF4B-00C04F79EFBC}") = "clase04.Entidades", "clase04.Entidades\clase04.Entidades.csproj", "{745950CF-1299-4D3D-A913-D01209E0D6D0}"
EndProject
Project("{FAE04EC0-301F-11D3-BF4B-00C04F79EFBC}") = "clase04", "clase04\clase04.csproj", "{EC3CDC9C-1D95-434F-B3F5-BA2F656CFBD6}"
EndProject
Project("{FAE04EC0-301F-11D3-BF4B-00C04F79EFBC}") = "WindowsFormsApp1", "WindowsFormsApp1\WindowsFormsApp1.csproj", "{D46F98F1-8326-4661-969C-E060FB203485}"
EndProject
Global
	GlobalSection(SolutionConfigurationPlatforms) = preSolution
		Debug|Any CPU = Debug|Any CPU
		Release|Any CPU = Release|Any CPU
	EndGlobalSection
	GlobalSection(ProjectConfigurationPlatforms) = postSolution
		{DB8E104E-EBFC-43C8-B007-9F9B2D12C929}.Debug|Any CPU.ActiveCfg = Debug|Any CPU
		{DB8E104E-EBFC-43C8-B007-9F9B2D12C929}.Debug|Any CPU.Build.0 = Debug|Any CPU
		{DB8E104E-EBFC-43C8-B007-9F9B2D12C929}.Release|Any CPU.ActiveCfg = Release|Any CPU
		{DB8E104E-EBFC-43C8-B007-9F9B2D12C929}.Release|Any CPU.Build.0 = Release|Any CPU
		{4697A627-E3EB-457F-8FE5-D299C05B18C7}.Debug|Any CPU.ActiveCfg = Debug|Any CPU
		{4697A627-E3EB-457F-8FE5-D299C05B18C7}.Debug|Any CPU.Build.0 = Debug|Any CPU
		{4697A627-E3EB-457F-8FE5-D299C05B18C7}.Release|Any CPU.ActiveCfg = Release|Any CPU
		{4697A627-E3EB-457F-8FE5-D299C05B18C7}.Release|Any CPU.Build.0 = Release|Any CPU
		{816B8D87-C16B-4588-8DE5-216FD4123FB8}.Debug|Any CPU.ActiveCfg = Debug|Any CPU
		{816B8D87-C16B-4588-8DE5-216FD4123FB8}.Debug|Any CPU.Build.0 = Debug|Any CPU
		{816B8D87-C16B-4588-8DE5-216FD4123FB8}.Release|Any CPU.ActiveCfg = Release|Any CPU
		{816B8D87-C16B-4588-8DE5-216FD4123FB8}.Release|Any CPU.Build.0 = Release|Any CPU
		{F4977E82-6E0A-4FCE-866B-AA21BAC70F09}.Debug|Any CPU.ActiveCfg = Debug|Any CPU
		{F4977E82-6E0A-4FCE-866B-AA21BAC70F09}.Debug|Any CPU.Build.0 = Debug|Any CPU
		{F4977E82-6E0A-4FCE-866B-AA21BAC70F09}.Release|Any CPU.ActiveCfg = Release|Any CPU
		{F4977E82-6E0A-4FCE-866B-AA21BAC70F09}.Release|Any CPU.Build.0 = Release|Any CPU
		{AA2BF63A-09DA-411F-A0CB-39D89125A46B}.Debug|Any CPU.ActiveCfg = Debug|Any CPU
		{AA2BF63A-09DA-411F-A0CB-39D89125A46B}.Debug|Any CPU.Build.0 = Debug|Any CPU
		{AA2BF63A-09DA-411F-A0CB-39D89125A46B}.Release|Any CPU.ActiveCfg = Release|Any CPU
		{AA2BF63A-09DA-411F-A0CB-39D89125A46B}.Release|Any CPU.Build.0 = Release|Any CPU
		{745950CF-1299-4D3D-A913-D01209E0D6D0}.Debug|Any CPU.ActiveCfg = Debug|Any CPU
		{745950CF-1299-4D3D-A913-D01209E0D6D0}.Debug|Any CPU.Build.0 = Debug|Any CPU
		{745950CF-1299-4D3D-A913-D01209E0D6D0}.Release|Any CPU.ActiveCfg = Release|Any CPU
		{745950CF-1299-4D3D-A913-D01209E0D6D0}.Release|Any CPU.Build.0 = Release|Any CPU
		{EC3CDC9C-1D95-434F-B3F5-BA2F656CFBD6}.Debug|Any CPU.ActiveCfg = Debug|Any CPU
		{EC3CDC9C-1D95-434F-B3F5-BA2F656CFBD6}.Debug|Any CPU.Build.0 = Debug|Any CPU
		{EC3CDC9C-1D95-434F-B3F5-BA2F656CFBD6}.Release|Any CPU.ActiveCfg = Release|Any CPU
		{EC3CDC9C-1D95-434F-B3F5-BA2F656CFBD6}.Release|Any CPU.Build.0 = Release|Any CPU
		{D46F98F1-8326-4661-969C-E060FB203485}.Debug|Any CPU.ActiveCfg = Debug|Any CPU
		{D46F98F1-8326-4661-969C-E060FB203485}.Debug|Any CPU.Build.0 = Debug|Any CPU
		{D46F98F1-8326-4661-969C-E060FB203485}.Release|Any CPU.ActiveCfg = Release|Any CPU
		{D46F98F1-8326-4661-969C-E060FB203485}.Release|Any CPU.Build.0 = Release|Any CPU
	EndGlobalSection
	GlobalSection(SolutionProperties) = preSolution
		HideSolutionNode = FALSE
	EndGlobalSection
	GlobalSection(ExtensibilityGlobals) = postSolution
		SolutionGuid = {E12F28BA-83E9-4352-8722-501B06707CBD}
	EndGlobalSection
EndGlobal
